{
  "nodes": {
    "contra-master": {
      "inputs": {
        "flakeNimbleLib": [
          "flakeNimbleLib"
        ],
        "nixpkgs": [
          "nixpkgs"
        ],
        "src-contra-master": "src-contra-master"
      },
      "locked": {
        "dir": "master",
        "lastModified": 1647310910,
        "narHash": "sha256-pZCbFNGPlfaNO+Khz5XKpfktOKPRqQY+jC/jSCZvGo8=",
        "owner": "nim-nix-pkgs",
        "repo": "contra",
        "rev": "709fceb4e8e72d4c347c9456443baa18b9b787c6",
        "type": "github"
      },
      "original": {
        "dir": "master",
        "owner": "nim-nix-pkgs",
        "ref": "master",
        "repo": "contra",
        "type": "github"
      }
    },
    "flakeNimbleLib": {
      "inputs": {
        "nixpkgs": [
          "nixpkgs"
        ]
      },
      "locked": {
        "lastModified": 1646967037,
        "narHash": "sha256-BoEqkGzLVnFICrF15wczZJrfF1vMVngRzF5cEgFzdzU=",
        "owner": "riinr",
        "repo": "nim-flakes-lib",
        "rev": "028e7596fdb918b72a295d220d48417ab2f5dfd1",
        "type": "github"
      },
      "original": {
        "owner": "riinr",
        "ref": "master",
        "repo": "nim-flakes-lib",
        "type": "github"
      }
    },
    "nixpkgs": {
      "locked": {
        "narHash": "sha256-+8mazL4KLh6VltXYJc5+QFA5Q1i+Uh/TadRl9/+qcx8=",
        "path": "/nix/store/gddrvlqs5qf1bp3kc80gp3qg5vm8kj76-source",
        "type": "path"
      },
      "original": {
        "id": "nixpkgs",
        "type": "indirect"
      }
    },
    "root": {
      "inputs": {
        "contra-master": "contra-master",
        "flakeNimbleLib": "flakeNimbleLib",
        "nixpkgs": "nixpkgs"
      }
    },
    "src-contra-master": {
      "flake": false,
      "locked": {
        "lastModified": 1643233667,
        "narHash": "sha256-kr4/UkrM4QltwtG7mj3VRGF6qa9ZcZ5cd2C5qgOPeKU=",
        "owner": "juancarlospaco",
        "repo": "nim-contra",
        "rev": "21a9794324e82047928282a73bb19683437b72f4",
        "type": "github"
      },
      "original": {
        "owner": "juancarlospaco",
        "ref": "refs/heads/master",
        "repo": "nim-contra",
        "type": "github"
      }
    }
  },
  "root": "root",
  "version": 7
}
