{
  "nodes": {
    "emath-0_0_10": {
      "inputs": {
        "flakeNimbleLib": [
          "flakeNimbleLib"
        ],
        "nixpkgs": [
          "nixpkgs"
        ],
        "src-emath-0_0_10": "src-emath-0_0_10"
      },
      "locked": {
        "dir": "0_0_10",
        "lastModified": 1667329626,
        "narHash": "sha256-PDwJg+I2lMOtwNmN4+kakYLDyRfRx/MuNEiiMZJi8DI=",
        "owner": "nim-nix-pkgs",
        "repo": "emath",
        "rev": "8c80ce76cc465bf9f051dff9c8f7e332b628eeb3",
        "type": "github"
      },
      "original": {
        "dir": "0_0_10",
        "owner": "nim-nix-pkgs",
        "ref": "master",
        "repo": "emath",
        "type": "github"
      }
    },
    "emath-0_0_6": {
      "inputs": {
        "flakeNimbleLib": [
          "flakeNimbleLib"
        ],
        "nixpkgs": [
          "nixpkgs"
        ],
        "src-emath-0_0_6": "src-emath-0_0_6"
      },
      "locked": {
        "dir": "0_0_6",
        "lastModified": 1667329626,
        "narHash": "sha256-PDwJg+I2lMOtwNmN4+kakYLDyRfRx/MuNEiiMZJi8DI=",
        "owner": "nim-nix-pkgs",
        "repo": "emath",
        "rev": "8c80ce76cc465bf9f051dff9c8f7e332b628eeb3",
        "type": "github"
      },
      "original": {
        "dir": "0_0_6",
        "owner": "nim-nix-pkgs",
        "ref": "master",
        "repo": "emath",
        "type": "github"
      }
    },
    "emath-0_0_8": {
      "inputs": {
        "flakeNimbleLib": [
          "flakeNimbleLib"
        ],
        "nixpkgs": [
          "nixpkgs"
        ],
        "src-emath-0_0_8": "src-emath-0_0_8"
      },
      "locked": {
        "dir": "0_0_8",
        "lastModified": 1667329626,
        "narHash": "sha256-PDwJg+I2lMOtwNmN4+kakYLDyRfRx/MuNEiiMZJi8DI=",
        "owner": "nim-nix-pkgs",
        "repo": "emath",
        "rev": "8c80ce76cc465bf9f051dff9c8f7e332b628eeb3",
        "type": "github"
      },
      "original": {
        "dir": "0_0_8",
        "owner": "nim-nix-pkgs",
        "ref": "master",
        "repo": "emath",
        "type": "github"
      }
    },
    "emath-0_1_0": {
      "inputs": {
        "flakeNimbleLib": [
          "flakeNimbleLib"
        ],
        "nixpkgs": [
          "nixpkgs"
        ],
        "src-emath-0_1_0": "src-emath-0_1_0"
      },
      "locked": {
        "dir": "0_1_0",
        "lastModified": 1667329626,
        "narHash": "sha256-PDwJg+I2lMOtwNmN4+kakYLDyRfRx/MuNEiiMZJi8DI=",
        "owner": "nim-nix-pkgs",
        "repo": "emath",
        "rev": "8c80ce76cc465bf9f051dff9c8f7e332b628eeb3",
        "type": "github"
      },
      "original": {
        "dir": "0_1_0",
        "owner": "nim-nix-pkgs",
        "ref": "master",
        "repo": "emath",
        "type": "github"
      }
    },
    "emath-0_1_1": {
      "inputs": {
        "flakeNimbleLib": [
          "flakeNimbleLib"
        ],
        "nixpkgs": [
          "nixpkgs"
        ],
        "src-emath-0_1_1": "src-emath-0_1_1"
      },
      "locked": {
        "dir": "0_1_1",
        "lastModified": 1667329626,
        "narHash": "sha256-PDwJg+I2lMOtwNmN4+kakYLDyRfRx/MuNEiiMZJi8DI=",
        "owner": "nim-nix-pkgs",
        "repo": "emath",
        "rev": "8c80ce76cc465bf9f051dff9c8f7e332b628eeb3",
        "type": "github"
      },
      "original": {
        "dir": "0_1_1",
        "owner": "nim-nix-pkgs",
        "ref": "master",
        "repo": "emath",
        "type": "github"
      }
    },
    "emath-main": {
      "inputs": {
        "flakeNimbleLib": [
          "flakeNimbleLib"
        ],
        "nixpkgs": [
          "nixpkgs"
        ],
        "src-emath-main": "src-emath-main"
      },
      "locked": {
        "dir": "main",
        "lastModified": 1667329626,
        "narHash": "sha256-PDwJg+I2lMOtwNmN4+kakYLDyRfRx/MuNEiiMZJi8DI=",
        "owner": "nim-nix-pkgs",
        "repo": "emath",
        "rev": "8c80ce76cc465bf9f051dff9c8f7e332b628eeb3",
        "type": "github"
      },
      "original": {
        "dir": "main",
        "owner": "nim-nix-pkgs",
        "ref": "master",
        "repo": "emath",
        "type": "github"
      }
    },
    "flakeNimbleLib": {
      "inputs": {
        "nixpkgs": [
          "nixpkgs"
        ]
      },
      "locked": {
        "lastModified": 1662018438,
        "narHash": "sha256-QtNtU6+LX3Wokxf0zlFwKTFOcn6TeDjKQZ+DA9OYtvM=",
        "owner": "riinr",
        "repo": "nim-flakes-lib",
        "rev": "b1fe8340736e3a85d25c709ac3dfd82a55c03cbf",
        "type": "github"
      },
      "original": {
        "owner": "riinr",
        "ref": "master",
        "repo": "nim-flakes-lib",
        "type": "github"
      }
    },
    "nixpkgs": {
      "locked": {
        "lastModified": 1667292599,
        "narHash": "sha256-7ISOUI1aj6UKMPIL+wwthENL22L3+A9V+jS8Is3QsRo=",
        "owner": "NixOS",
        "repo": "nixpkgs",
        "rev": "ef2f213d9659a274985778bff4ca322f3ef3ac68",
        "type": "github"
      },
      "original": {
        "id": "nixpkgs",
        "type": "indirect"
      }
    },
    "root": {
      "inputs": {
        "emath-0_0_10": "emath-0_0_10",
        "emath-0_0_6": "emath-0_0_6",
        "emath-0_0_8": "emath-0_0_8",
        "emath-0_1_0": "emath-0_1_0",
        "emath-0_1_1": "emath-0_1_1",
        "emath-main": "emath-main",
        "flakeNimbleLib": "flakeNimbleLib",
        "nixpkgs": "nixpkgs"
      }
    },
    "src-emath-0_0_10": {
      "flake": false,
      "locked": {
        "lastModified": 1665760897,
        "narHash": "sha256-JWUgH0w4OJiDKgPfqhu/b42jSim/hDssYAYSO9mDqEM=",
        "owner": "hamidb80",
        "repo": "emath",
        "rev": "01653a0d6f2dba1a1fc38630b6479dd808b570bc",
        "type": "github"
      },
      "original": {
        "owner": "hamidb80",
        "ref": "refs/tags/0.0.10",
        "repo": "emath",
        "type": "github"
      }
    },
    "src-emath-0_0_6": {
      "flake": false,
      "locked": {
        "lastModified": 1665668750,
        "narHash": "sha256-lmeRMHn2MjsY0OvijnTunU1uekAG4dJcg9tIYWfsaI0=",
        "owner": "hamidb80",
        "repo": "emath",
        "rev": "61bea0f5fcbbdd583aac6cec72ef3fe5e1b86172",
        "type": "github"
      },
      "original": {
        "owner": "hamidb80",
        "ref": "refs/tags/0.0.6",
        "repo": "emath",
        "type": "github"
      }
    },
    "src-emath-0_0_8": {
      "flake": false,
      "locked": {
        "lastModified": 1665756875,
        "narHash": "sha256-FxdaU1tCdzmM1u8fyVqB5FNnDtMbAZGKdutUT2SITxI=",
        "owner": "hamidb80",
        "repo": "emath",
        "rev": "b6b210b75323d89c337b132e4db03d81e5e3135f",
        "type": "github"
      },
      "original": {
        "owner": "hamidb80",
        "ref": "refs/tags/0.0.8",
        "repo": "emath",
        "type": "github"
      }
    },
    "src-emath-0_1_0": {
      "flake": false,
      "locked": {
        "lastModified": 1665771196,
        "narHash": "sha256-7x6uupKsmep9RTv3tYu7glVPu+SqETPGxQ+cs3L93O8=",
        "owner": "hamidb80",
        "repo": "emath",
        "rev": "c4db311b4b516a2fcb1e7b6448376b594edcea5b",
        "type": "github"
      },
      "original": {
        "owner": "hamidb80",
        "ref": "refs/tags/0.1.0",
        "repo": "emath",
        "type": "github"
      }
    },
    "src-emath-0_1_1": {
      "flake": false,
      "locked": {
        "lastModified": 1665928720,
        "narHash": "sha256-8b5fyGDCJjjT3InE9IEByvDA4k10NtvTByXyVA1TPYY=",
        "owner": "hamidb80",
        "repo": "emath",
        "rev": "81b314ab2ffe3813724268d69e8dc55923e04410",
        "type": "github"
      },
      "original": {
        "owner": "hamidb80",
        "ref": "refs/tags/0.1.1",
        "repo": "emath",
        "type": "github"
      }
    },
    "src-emath-main": {
      "flake": false,
      "locked": {
        "lastModified": 1667321204,
        "narHash": "sha256-cLFm9LVQGgGdaN6E0s+8Uq2dqh5bs9qMmIVvTSUlFVA=",
        "owner": "hamidb80",
        "repo": "emath",
        "rev": "d94886274df9b44eda56661d335deafcf65a5c17",
        "type": "github"
      },
      "original": {
        "owner": "hamidb80",
        "ref": "refs/heads/main",
        "repo": "emath",
        "type": "github"
      }
    }
  },
  "root": "root",
  "version": 7
}
