{
  "nodes": {
    "flakeNimbleLib": {
      "inputs": {
        "nixpkgs": [
          "nixpkgs"
        ]
      },
      "locked": {
        "lastModified": 1647920574,
        "narHash": "sha256-D3ob5QykELhyNcTnISOkjEzLlgXltwON8Ucrz5cpiQI=",
        "owner": "riinr",
        "repo": "nim-flakes-lib",
        "rev": "bfb46a1f762002f07f9d81d93dacd544c6890623",
        "type": "github"
      },
      "original": {
        "owner": "riinr",
        "ref": "master",
        "repo": "nim-flakes-lib",
        "type": "github"
      }
    },
    "nixpkgs": {
      "locked": {
        "narHash": "sha256-+8mazL4KLh6VltXYJc5+QFA5Q1i+Uh/TadRl9/+qcx8=",
        "path": "/nix/store/gddrvlqs5qf1bp3kc80gp3qg5vm8kj76-source",
        "type": "path"
      },
      "original": {
        "id": "nixpkgs",
        "type": "indirect"
      }
    },
    "root": {
      "inputs": {
        "flakeNimbleLib": "flakeNimbleLib",
        "nixpkgs": "nixpkgs",
        "src-freeimage-master": "src-freeimage-master"
      }
    },
    "src-freeimage-master": {
      "flake": false,
      "locked": {
        "lastModified": 1536854301,
        "narHash": "sha256-0z9FhpRPhBJXfKATXZuUfQ0zvn1DjR6KHmMvK/TIq4w=",
        "owner": "barcharcraz",
        "repo": "nim-freeimage",
        "rev": "76f93e5f1528a1dedec0476e54363cd49459ec90",
        "type": "github"
      },
      "original": {
        "owner": "barcharcraz",
        "ref": "refs/heads/master",
        "repo": "nim-freeimage",
        "type": "github"
      }
    }
  },
  "root": "root",
  "version": 7
}
