{
  "nodes": {
    "flakeNimbleLib": {
      "inputs": {
        "nixpkgs": [
          "nixpkgs"
        ]
      },
      "locked": {
        "lastModified": 1648105061,
        "narHash": "sha256-Je25qNlH4xrH3+m6vIq6yPvdfQ80FRTwX4JOhrRLduc=",
        "owner": "riinr",
        "repo": "nim-flakes-lib",
        "rev": "f1ec5e2f15b9f717c33b6942ce7cb344ff868522",
        "type": "github"
      },
      "original": {
        "owner": "riinr",
        "ref": "master",
        "repo": "nim-flakes-lib",
        "type": "github"
      }
    },
    "mutableseqs": {
      "inputs": {
        "flakeNimbleLib": [
          "porter-master",
          "flakeNimbleLib"
        ],
        "nixpkgs": [
          "porter-master",
          "nixpkgs"
        ],
        "src-mutableseqs-master": "src-mutableseqs-master"
      },
      "locked": {
        "dir": "master",
        "lastModified": 1658201607,
        "narHash": "sha256-fsvkTiKIB+ChIe6lvuPsppNqm17yHm0c7F33WkvoDp0=",
        "owner": "nim-nix-pkgs",
        "repo": "mutableseqs",
        "rev": "5cf9a06e09213ae6fc777751bd9e42cbe89a6ffc",
        "type": "github"
      },
      "original": {
        "dir": "master",
        "owner": "nim-nix-pkgs",
        "ref": "master",
        "repo": "mutableseqs",
        "type": "github"
      }
    },
    "nixpkgs": {
      "locked": {
        "lastModified": 0,
        "narHash": "sha256-BBeCZwZImtjP3oYy4WogkQYy5OxNyfNciVSc1AfZgLQ=",
        "path": "/nix/store/z8fi1f38y14lmsyhnph1l98qr3r9x7wr-source",
        "type": "path"
      },
      "original": {
        "id": "nixpkgs",
        "type": "indirect"
      }
    },
    "porter-master": {
      "inputs": {
        "flakeNimbleLib": [
          "flakeNimbleLib"
        ],
        "mutableseqs": "mutableseqs",
        "nixpkgs": [
          "nixpkgs"
        ],
        "src-porter-master": "src-porter-master"
      },
      "locked": {
        "dir": "master",
        "lastModified": 1658202701,
        "narHash": "sha256-qQOdIQigwl4ov002WvqrTauZNW/+j+a0Pog3rBvaEaU=",
        "owner": "nim-nix-pkgs",
        "repo": "porter",
        "rev": "ede98feed2134d3076e6218bfa64c7d151cc4325",
        "type": "github"
      },
      "original": {
        "dir": "master",
        "owner": "nim-nix-pkgs",
        "ref": "master",
        "repo": "porter",
        "type": "github"
      }
    },
    "root": {
      "inputs": {
        "flakeNimbleLib": "flakeNimbleLib",
        "nixpkgs": "nixpkgs",
        "porter-master": "porter-master"
      }
    },
    "src-mutableseqs-master": {
      "flake": false,
      "locked": {
        "lastModified": 1489082129,
        "narHash": "sha256-+6QKH3o6oQ3sfZmmZ6sTPg7Wqj6Hsg7FwD00JZkQujA=",
        "owner": "iourinski",
        "repo": "mutableseqs",
        "rev": "75bd0a6e5db62ceb0e632ac8ce92ca85dfbf4db4",
        "type": "github"
      },
      "original": {
        "owner": "iourinski",
        "ref": "refs/heads/master",
        "repo": "mutableseqs",
        "type": "github"
      }
    },
    "src-porter-master": {
      "flake": false,
      "locked": {
        "lastModified": 1484918686,
        "narHash": "sha256-PH8chXmJ9tSGPhdmiZND1tp+Q75O/GoRqde3o8bIcaY=",
        "owner": "iourinski",
        "repo": "porter",
        "rev": "891db099c1be02f3cd2e5cfd58f2cb6cfe76e2c9",
        "type": "github"
      },
      "original": {
        "owner": "iourinski",
        "ref": "refs/heads/master",
        "repo": "porter",
        "type": "github"
      }
    }
  },
  "root": "root",
  "version": 7
}
