{
  "nodes": {
    "flakeNimbleLib": {
      "inputs": {
        "nixpkgs": [
          "nixpkgs"
        ]
      },
      "locked": {
        "lastModified": 1646963262,
        "narHash": "sha256-GadfGpoFzLnY7jcWeEUGEYDRfLv95PU4vgenuBNkrS0=",
        "owner": "riinr",
        "repo": "nim-flakes-lib",
        "rev": "6d8baf110b919a12af99ad43cb4c5062b32f58a0",
        "type": "github"
      },
      "original": {
        "owner": "riinr",
        "ref": "master",
        "repo": "nim-flakes-lib",
        "type": "github"
      }
    },
    "nixpkgs": {
      "locked": {
        "narHash": "sha256-7sWpWRO0IsBP5jm9qCrpuzDkWC7UAghiCmZZ+1uqHKo=",
        "path": "/nix/store/q2jrkx5a3z6yxzbfai0kxpnqki80jm3l-source",
        "type": "path"
      },
      "original": {
        "id": "nixpkgs",
        "type": "indirect"
      }
    },
    "root": {
      "inputs": {
        "flakeNimbleLib": "flakeNimbleLib",
        "nixpkgs": "nixpkgs",
        "src-gravatar-master": "src-gravatar-master"
      }
    },
    "src-gravatar-master": {
      "flake": false,
      "locked": {
        "lastModified": 1484602500,
        "narHash": "sha256-YPeweU4cc+0qAqH8pIfZ+GwLIip2Iyp6u56VQLaNge0=",
        "owner": "achesak",
        "repo": "nim-gravatar",
        "rev": "e38391680b25dbb186157d10d48936bf486a0690",
        "type": "github"
      },
      "original": {
        "owner": "achesak",
        "ref": "refs/heads/master",
        "repo": "nim-gravatar",
        "type": "github"
      }
    }
  },
  "root": "root",
  "version": 7
}
