{
  "nodes": {
    "dpdk-master": {
      "inputs": {
        "flakeNimbleLib": [
          "flakeNimbleLib"
        ],
        "nixpkgs": [
          "nixpkgs"
        ],
        "src-dpdk-master": "src-dpdk-master"
      },
      "locked": {
        "dir": "nimpkgs/d/dpdk/master",
        "lastModified": 1646958001,
        "narHash": "sha256-iIe41SziodNsYHlAg0A24jfffEY15OMBR0MTkNKR5dY=",
        "owner": "riinr",
        "repo": "flake-nimble",
        "rev": "5969639854208f8cfc0a7481b002e9aff6e60c9f",
        "type": "github"
      },
      "original": {
        "dir": "nimpkgs/d/dpdk/master",
        "owner": "riinr",
        "ref": "flake-pinning",
        "repo": "flake-nimble",
        "type": "github"
      }
    },
    "flakeNimbleLib": {
      "inputs": {
        "nixpkgs": [
          "nixpkgs"
        ]
      },
      "locked": {
        "lastModified": 1646957390,
        "narHash": "sha256-x4wf95NAEOZ9CNW6CCAusnb/Y8EhtwXXLemH2d4XTgs=",
        "owner": "riinr",
        "repo": "nim-flakes-lib",
        "rev": "81044cf7596cd5ff7058359cbf90be8957aaacc8",
        "type": "github"
      },
      "original": {
        "owner": "riinr",
        "ref": "master",
        "repo": "nim-flakes-lib",
        "type": "github"
      }
    },
    "nixpkgs": {
      "locked": {
        "narHash": "sha256-7sWpWRO0IsBP5jm9qCrpuzDkWC7UAghiCmZZ+1uqHKo=",
        "path": "/nix/store/q2jrkx5a3z6yxzbfai0kxpnqki80jm3l-source",
        "type": "path"
      },
      "original": {
        "id": "nixpkgs",
        "type": "indirect"
      }
    },
    "root": {
      "inputs": {
        "dpdk-master": "dpdk-master",
        "flakeNimbleLib": "flakeNimbleLib",
        "nixpkgs": "nixpkgs"
      }
    },
    "src-dpdk-master": {
      "flake": false,
      "locked": {
        "lastModified": 1488683618,
        "narHash": "sha256-pOZryVrVVD6plKH+/VoGWrATMiTvIKqKunpzHNYn1vI=",
        "owner": "nimscale",
        "repo": "dpdk",
        "rev": "95cb59863364de548a6519a2638154e6a7910f32",
        "type": "github"
      },
      "original": {
        "owner": "nimscale",
        "ref": "refs/heads/master",
        "repo": "dpdk",
        "type": "github"
      }
    }
  },
  "root": "root",
  "version": 7
}
