{
  "nodes": {
    "flakeNimbleLib": {
      "inputs": {
        "nixpkgs": [
          "nixpkgs"
        ]
      },
      "locked": {
        "lastModified": 1646967037,
        "narHash": "sha256-BoEqkGzLVnFICrF15wczZJrfF1vMVngRzF5cEgFzdzU=",
        "owner": "riinr",
        "repo": "nim-flakes-lib",
        "rev": "028e7596fdb918b72a295d220d48417ab2f5dfd1",
        "type": "github"
      },
      "original": {
        "owner": "riinr",
        "ref": "master",
        "repo": "nim-flakes-lib",
        "type": "github"
      }
    },
    "nimterlingua-master": {
      "inputs": {
        "flakeNimbleLib": [
          "flakeNimbleLib"
        ],
        "nixpkgs": [
          "nixpkgs"
        ],
        "src-nimterlingua-master": "src-nimterlingua-master"
      },
      "locked": {
        "dir": "nimpkgs/n/nimterlingua/master",
        "lastModified": 1646967406,
        "narHash": "sha256-7yY969affJjYe7EtRovP3OFMPrYRzrXc++2HXXrXxiQ=",
        "owner": "riinr",
        "repo": "flake-nimble",
        "rev": "d80bdf6d01990666bf845a0d6c3d09ee79633b08",
        "type": "github"
      },
      "original": {
        "dir": "nimpkgs/n/nimterlingua/master",
        "owner": "riinr",
        "ref": "flake-pinning",
        "repo": "flake-nimble",
        "type": "github"
      }
    },
    "nixpkgs": {
      "locked": {
        "narHash": "sha256-7sWpWRO0IsBP5jm9qCrpuzDkWC7UAghiCmZZ+1uqHKo=",
        "path": "/nix/store/q2jrkx5a3z6yxzbfai0kxpnqki80jm3l-source",
        "type": "path"
      },
      "original": {
        "id": "nixpkgs",
        "type": "indirect"
      }
    },
    "root": {
      "inputs": {
        "flakeNimbleLib": "flakeNimbleLib",
        "nimterlingua-master": "nimterlingua-master",
        "nixpkgs": "nixpkgs"
      }
    },
    "src-nimterlingua-master": {
      "flake": false,
      "locked": {
        "lastModified": 1643231807,
        "narHash": "sha256-ED94ZuJN9+HtSU/Tlht0eo5+dW0No4kGiab6AM6xHh8=",
        "owner": "juancarlospaco",
        "repo": "nim-internimgua",
        "rev": "f6c2e3bf89b8f2e635f98e401cf5f6412626b5b8",
        "type": "github"
      },
      "original": {
        "owner": "juancarlospaco",
        "ref": "refs/heads/master",
        "repo": "nim-internimgua",
        "type": "github"
      }
    }
  },
  "root": "root",
  "version": 7
}
