{
  "nodes": {
    "flakeNimbleLib": {
      "inputs": {
        "nixpkgs": [
          "nixpkgs"
        ]
      },
      "locked": {
        "lastModified": 1646951481,
        "narHash": "sha256-4VGYa4pXYAifOpqbpoPK/8N24NrHW5lOtbFtQKVVD4Q=",
        "owner": "riinr",
        "repo": "nim-flakes-lib",
        "rev": "cf04421285d70d881baf8e3cbfac1f3afa32e19e",
        "type": "github"
      },
      "original": {
        "owner": "riinr",
        "ref": "master",
        "repo": "nim-flakes-lib",
        "type": "github"
      }
    },
    "nixpkgs": {
      "locked": {
        "narHash": "sha256-7sWpWRO0IsBP5jm9qCrpuzDkWC7UAghiCmZZ+1uqHKo=",
        "path": "/nix/store/q2jrkx5a3z6yxzbfai0kxpnqki80jm3l-source",
        "type": "path"
      },
      "original": {
        "id": "nixpkgs",
        "type": "indirect"
      }
    },
    "root": {
      "inputs": {
        "flakeNimbleLib": "flakeNimbleLib",
        "nixpkgs": "nixpkgs",
        "src-nimgl-master": "src-nimgl-master"
      }
    },
    "src-nimgl-master": {
      "flake": false,
      "locked": {
        "lastModified": 1629839098,
        "narHash": "sha256-jBxI1U1hll90kwWtu9V7TTGowNXxdrQnJjJS8PaO7yw=",
        "owner": "nimgl",
        "repo": "nimgl",
        "rev": "309d6ed8164ad184ed5bbb171c9f3d9d1c11ff81",
        "type": "github"
      },
      "original": {
        "owner": "nimgl",
        "ref": "refs/heads/master",
        "repo": "nimgl",
        "type": "github"
      }
    }
  },
  "root": "root",
  "version": 7
}
