{
  "nodes": {
    "flakeNimbleLib": {
      "inputs": {
        "nixpkgs": [
          "nixpkgs"
        ]
      },
      "locked": {
        "lastModified": 1648105061,
        "narHash": "sha256-Je25qNlH4xrH3+m6vIq6yPvdfQ80FRTwX4JOhrRLduc=",
        "owner": "riinr",
        "repo": "nim-flakes-lib",
        "rev": "f1ec5e2f15b9f717c33b6942ce7cb344ff868522",
        "type": "github"
      },
      "original": {
        "owner": "riinr",
        "ref": "master",
        "repo": "nim-flakes-lib",
        "type": "github"
      }
    },
    "nixpkgs": {
      "locked": {
        "lastModified": 0,
        "narHash": "sha256-19Ib1b7Ny+yGhnxwnH1KhhB2hvALuNuqevA6XzqkQmo=",
        "path": "/nix/store/5mdm97ryfgnsh02h7jiragdmcgh6vbvp-source",
        "type": "path"
      },
      "original": {
        "id": "nixpkgs",
        "type": "indirect"
      }
    },
    "root": {
      "inputs": {
        "flakeNimbleLib": "flakeNimbleLib",
        "nixpkgs": "nixpkgs",
        "src-nimlibxlsxwriter-master": "src-nimlibxlsxwriter-master"
      }
    },
    "src-nimlibxlsxwriter-master": {
      "flake": false,
      "locked": {
        "lastModified": 1641492408,
        "narHash": "sha256-bsB2vx3dTeZshi2sapcXs8Bik7iVgWfn85P24fH6DUk=",
        "owner": "ThomasTJdev",
        "repo": "nimlibxlsxwriter",
        "rev": "a36864cb2ec35b7f36381043edcdfdf4b18fbf0e",
        "type": "github"
      },
      "original": {
        "owner": "ThomasTJdev",
        "ref": "refs/heads/master",
        "repo": "nimlibxlsxwriter",
        "type": "github"
      }
    }
  },
  "root": "root",
  "version": 7
}
