{
  "nodes": {
    "flakeNimbleLib": {
      "inputs": {
        "nixpkgs": [
          "nixpkgs"
        ]
      },
      "locked": {
        "lastModified": 1648105061,
        "narHash": "sha256-Je25qNlH4xrH3+m6vIq6yPvdfQ80FRTwX4JOhrRLduc=",
        "owner": "riinr",
        "repo": "nim-flakes-lib",
        "rev": "f1ec5e2f15b9f717c33b6942ce7cb344ff868522",
        "type": "github"
      },
      "original": {
        "owner": "riinr",
        "ref": "master",
        "repo": "nim-flakes-lib",
        "type": "github"
      }
    },
    "nimp5-master": {
      "inputs": {
        "flakeNimbleLib": [
          "flakeNimbleLib"
        ],
        "nixpkgs": [
          "nixpkgs"
        ],
        "src-nimp5-master": "src-nimp5-master"
      },
      "locked": {
        "dir": "master",
        "lastModified": 1661565570,
        "narHash": "sha256-f3up+PKN+XnPtL0h9WHxkoMM3yiz/ghHuseGj8zPE8E=",
        "owner": "nim-nix-pkgs",
        "repo": "nimp5",
        "rev": "2572f5a02bd86ae6ec8658464833ceffa583f148",
        "type": "github"
      },
      "original": {
        "dir": "master",
        "owner": "nim-nix-pkgs",
        "ref": "master",
        "repo": "nimp5",
        "type": "github"
      }
    },
    "nixpkgs": {
      "locked": {
        "lastModified": 0,
        "narHash": "sha256-19Ib1b7Ny+yGhnxwnH1KhhB2hvALuNuqevA6XzqkQmo=",
        "path": "/nix/store/5mdm97ryfgnsh02h7jiragdmcgh6vbvp-source",
        "type": "path"
      },
      "original": {
        "id": "nixpkgs",
        "type": "indirect"
      }
    },
    "root": {
      "inputs": {
        "flakeNimbleLib": "flakeNimbleLib",
        "nimp5-master": "nimp5-master",
        "nixpkgs": "nixpkgs"
      }
    },
    "src-nimp5-master": {
      "flake": false,
      "locked": {
        "lastModified": 1519042458,
        "narHash": "sha256-d6c0x8bfvR96pVSZ//zAhZgTOu2v8M4XHJm49Kg8bp4=",
        "owner": "Foldover",
        "repo": "nim-p5",
        "rev": "fd95ebc17855fbe99e17ee2051c666242ddb96c9",
        "type": "github"
      },
      "original": {
        "owner": "Foldover",
        "ref": "refs/heads/master",
        "repo": "nim-p5",
        "type": "github"
      }
    }
  },
  "root": "root",
  "version": 7
}
