{
  "nodes": {
    "flakeNimbleLib": {
      "inputs": {
        "nixpkgs": [
          "nixpkgs"
        ]
      },
      "locked": {
        "lastModified": 1648105061,
        "narHash": "sha256-Je25qNlH4xrH3+m6vIq6yPvdfQ80FRTwX4JOhrRLduc=",
        "owner": "riinr",
        "repo": "nim-flakes-lib",
        "rev": "f1ec5e2f15b9f717c33b6942ce7cb344ff868522",
        "type": "github"
      },
      "original": {
        "owner": "riinr",
        "ref": "master",
        "repo": "nim-flakes-lib",
        "type": "github"
      }
    },
    "mouse-main": {
      "inputs": {
        "flakeNimbleLib": [
          "flakeNimbleLib"
        ],
        "nixpkgs": [
          "nixpkgs"
        ],
        "src-mouse-main": "src-mouse-main"
      },
      "locked": {
        "dir": "main",
        "lastModified": 1661579683,
        "narHash": "sha256-OjshZWL2ZCBA3bSEuKfUH13q1l7shUdmrLi3zuKKGBk=",
        "owner": "nim-nix-pkgs",
        "repo": "mouse",
        "rev": "09b1435186d2d18b2e6a584c235f97a583c3d202",
        "type": "github"
      },
      "original": {
        "dir": "main",
        "owner": "nim-nix-pkgs",
        "ref": "master",
        "repo": "mouse",
        "type": "github"
      }
    },
    "nixpkgs": {
      "locked": {
        "lastModified": 0,
        "narHash": "sha256-19Ib1b7Ny+yGhnxwnH1KhhB2hvALuNuqevA6XzqkQmo=",
        "path": "/nix/store/5mdm97ryfgnsh02h7jiragdmcgh6vbvp-source",
        "type": "path"
      },
      "original": {
        "id": "nixpkgs",
        "type": "indirect"
      }
    },
    "root": {
      "inputs": {
        "flakeNimbleLib": "flakeNimbleLib",
        "mouse-main": "mouse-main",
        "nixpkgs": "nixpkgs"
      }
    },
    "src-mouse-main": {
      "flake": false,
      "locked": {
        "lastModified": 1653423363,
        "narHash": "sha256-lKgbw44FRJJzogV32ljjbbfOriMp6hJP+tXf++i0hZo=",
        "owner": "hiikion",
        "repo": "mouse",
        "rev": "72f6a5933d8ed0a85c8c1ea65ee01909f0d30964",
        "type": "github"
      },
      "original": {
        "owner": "hiikion",
        "ref": "refs/heads/main",
        "repo": "mouse",
        "type": "github"
      }
    }
  },
  "root": "root",
  "version": 7
}
