{
  "nodes": {
    "flakeNimbleLib": {
      "inputs": {
        "nixpkgs": [
          "nixpkgs"
        ]
      },
      "locked": {
        "lastModified": 1646957390,
        "narHash": "sha256-x4wf95NAEOZ9CNW6CCAusnb/Y8EhtwXXLemH2d4XTgs=",
        "owner": "riinr",
        "repo": "nim-flakes-lib",
        "rev": "81044cf7596cd5ff7058359cbf90be8957aaacc8",
        "type": "github"
      },
      "original": {
        "owner": "riinr",
        "ref": "master",
        "repo": "nim-flakes-lib",
        "type": "github"
      }
    },
    "nimaes-master": {
      "inputs": {
        "flakeNimbleLib": [
          "flakeNimbleLib"
        ],
        "nixpkgs": [
          "nixpkgs"
        ],
        "src-nimAES-master": "src-nimAES-master"
      },
      "locked": {
        "dir": "nimpkgs/n/nimaes/master",
        "lastModified": 1646958916,
        "narHash": "sha256-sKVE/NRKQbYXEuZH81J28rWdnesZRtk+8UAOjLVO1nU=",
        "owner": "riinr",
        "repo": "flake-nimble",
        "rev": "f2d777b54182ae1bc6f6a3356758bb22cc8f87c8",
        "type": "github"
      },
      "original": {
        "dir": "nimpkgs/n/nimaes/master",
        "owner": "riinr",
        "ref": "flake-pinning",
        "repo": "flake-nimble",
        "type": "github"
      }
    },
    "nixpkgs": {
      "locked": {
        "narHash": "sha256-7sWpWRO0IsBP5jm9qCrpuzDkWC7UAghiCmZZ+1uqHKo=",
        "path": "/nix/store/q2jrkx5a3z6yxzbfai0kxpnqki80jm3l-source",
        "type": "path"
      },
      "original": {
        "id": "nixpkgs",
        "type": "indirect"
      }
    },
    "root": {
      "inputs": {
        "flakeNimbleLib": "flakeNimbleLib",
        "nimaes-master": "nimaes-master",
        "nixpkgs": "nixpkgs"
      }
    },
    "src-nimAES-master": {
      "flake": false,
      "locked": {
        "lastModified": 1611392175,
        "narHash": "sha256-3XDTMJtAW3iGbBKSA0musp/HND0o4eBaznc/sveFW2I=",
        "owner": "jangko",
        "repo": "nimAES",
        "rev": "0ec3c4109d3a480b672570db74e2fa8544fe50f9",
        "type": "github"
      },
      "original": {
        "owner": "jangko",
        "ref": "refs/heads/master",
        "repo": "nimAES",
        "type": "github"
      }
    }
  },
  "root": "root",
  "version": 7
}
