{
  "nodes": {
    "flakeNimbleLib": {
      "inputs": {
        "nixpkgs": [
          "nixpkgs"
        ]
      },
      "locked": {
        "lastModified": 1662018438,
        "narHash": "sha256-QtNtU6+LX3Wokxf0zlFwKTFOcn6TeDjKQZ+DA9OYtvM=",
        "owner": "riinr",
        "repo": "nim-flakes-lib",
        "rev": "b1fe8340736e3a85d25c709ac3dfd82a55c03cbf",
        "type": "github"
      },
      "original": {
        "owner": "riinr",
        "ref": "master",
        "repo": "nim-flakes-lib",
        "type": "github"
      }
    },
    "getch-master": {
      "inputs": {
        "flakeNimbleLib": [
          "flakeNimbleLib"
        ],
        "nixpkgs": [
          "nixpkgs"
        ],
        "src-getch-master": "src-getch-master"
      },
      "locked": {
        "dir": "master",
        "lastModified": 1667329659,
        "narHash": "sha256-zZ3Oo6uIpQYKF8LYPDe6EjYKUZ6Pr3jvz74AhViEVeQ=",
        "owner": "nim-nix-pkgs",
        "repo": "getch",
        "rev": "c6ff839007de9e7a8c983162dc64aa90da5b4715",
        "type": "github"
      },
      "original": {
        "dir": "master",
        "owner": "nim-nix-pkgs",
        "ref": "master",
        "repo": "getch",
        "type": "github"
      }
    },
    "nixpkgs": {
      "locked": {
        "lastModified": 1667292599,
        "narHash": "sha256-7ISOUI1aj6UKMPIL+wwthENL22L3+A9V+jS8Is3QsRo=",
        "owner": "NixOS",
        "repo": "nixpkgs",
        "rev": "ef2f213d9659a274985778bff4ca322f3ef3ac68",
        "type": "github"
      },
      "original": {
        "id": "nixpkgs",
        "type": "indirect"
      }
    },
    "root": {
      "inputs": {
        "flakeNimbleLib": "flakeNimbleLib",
        "getch-master": "getch-master",
        "nixpkgs": "nixpkgs"
      }
    },
    "src-getch-master": {
      "flake": false,
      "locked": {
        "lastModified": 1600370291,
        "narHash": "sha256-NBTrEsypzmyXPBG50AcUgqKzNLMaaXorJKxZMvPxP+I=",
        "owner": "6A",
        "repo": "getch",
        "rev": "1d9f68d07ac1b965bcd6ce49d09867aa2e7b062a",
        "type": "github"
      },
      "original": {
        "owner": "6A",
        "ref": "refs/heads/master",
        "repo": "getch",
        "type": "github"
      }
    }
  },
  "root": "root",
  "version": 7
}
