{
  "nodes": {
    "flakeNimbleLib": {
      "inputs": {
        "nixpkgs": [
          "nixpkgs"
        ]
      },
      "locked": {
        "lastModified": 1646951481,
        "narHash": "sha256-4VGYa4pXYAifOpqbpoPK/8N24NrHW5lOtbFtQKVVD4Q=",
        "owner": "riinr",
        "repo": "nim-flakes-lib",
        "rev": "cf04421285d70d881baf8e3cbfac1f3afa32e19e",
        "type": "github"
      },
      "original": {
        "owner": "riinr",
        "ref": "master",
        "repo": "nim-flakes-lib",
        "type": "github"
      }
    },
    "nixpkgs": {
      "locked": {
        "narHash": "sha256-7sWpWRO0IsBP5jm9qCrpuzDkWC7UAghiCmZZ+1uqHKo=",
        "path": "/nix/store/q2jrkx5a3z6yxzbfai0kxpnqki80jm3l-source",
        "type": "path"
      },
      "original": {
        "id": "nixpkgs",
        "type": "indirect"
      }
    },
    "root": {
      "inputs": {
        "flakeNimbleLib": "flakeNimbleLib",
        "nixpkgs": "nixpkgs",
        "src-cirru_writer-master": "src-cirru_writer-master"
      }
    },
    "src-cirru_writer-master": {
      "flake": false,
      "locked": {
        "lastModified": 1615708272,
        "narHash": "sha256-C4hfmLusPYeyvagrWP6gvyG4TFhMxChoTutkyRmd4Jg=",
        "owner": "Cirru",
        "repo": "writer.nim",
        "rev": "d603e225f9436084abe955863591da3071245415",
        "type": "github"
      },
      "original": {
        "owner": "Cirru",
        "ref": "refs/heads/master",
        "repo": "writer.nim",
        "type": "github"
      }
    }
  },
  "root": "root",
  "version": 7
}
