{
  "nodes": {
    "flakeNimbleLib": {
      "inputs": {
        "nixpkgs": [
          "nixpkgs"
        ]
      },
      "locked": {
        "lastModified": 1648105061,
        "narHash": "sha256-Je25qNlH4xrH3+m6vIq6yPvdfQ80FRTwX4JOhrRLduc=",
        "owner": "riinr",
        "repo": "nim-flakes-lib",
        "rev": "f1ec5e2f15b9f717c33b6942ce7cb344ff868522",
        "type": "github"
      },
      "original": {
        "owner": "riinr",
        "ref": "master",
        "repo": "nim-flakes-lib",
        "type": "github"
      }
    },
    "myo-master": {
      "inputs": {
        "flakeNimbleLib": [
          "flakeNimbleLib"
        ],
        "nixpkgs": [
          "nixpkgs"
        ],
        "src-myo-master": "src-myo-master"
      },
      "locked": {
        "dir": "master",
        "lastModified": 1653696519,
        "narHash": "sha256-w1qc2MYrXzE4ionU7aSMRllcmbIxil5cMDeb/oUIHMA=",
        "owner": "nim-nix-pkgs",
        "repo": "myo",
        "rev": "640404d71eba1b96389306c36ecb0dd8bad5b232",
        "type": "github"
      },
      "original": {
        "dir": "master",
        "owner": "nim-nix-pkgs",
        "ref": "master",
        "repo": "myo",
        "type": "github"
      }
    },
    "nixpkgs": {
      "locked": {
        "narHash": "sha256-7sWpWRO0IsBP5jm9qCrpuzDkWC7UAghiCmZZ+1uqHKo=",
        "path": "/nix/store/q2jrkx5a3z6yxzbfai0kxpnqki80jm3l-source",
        "type": "path"
      },
      "original": {
        "id": "nixpkgs",
        "type": "indirect"
      }
    },
    "root": {
      "inputs": {
        "flakeNimbleLib": "flakeNimbleLib",
        "myo-master": "myo-master",
        "nixpkgs": "nixpkgs"
      }
    },
    "src-myo-master": {
      "flake": false,
      "locked": {
        "lastModified": 1454175614,
        "narHash": "sha256-QnUiHXgUh9Fv9/3cAjLAs9SYTpAlNgwXB9TlN6VWviI=",
        "owner": "nimious",
        "repo": "myo",
        "rev": "13cec2aaf0ab7b6371784a43caaf2fde0549f2a4",
        "type": "github"
      },
      "original": {
        "owner": "nimious",
        "ref": "refs/heads/master",
        "repo": "myo",
        "type": "github"
      }
    }
  },
  "root": "root",
  "version": 7
}
