{
  "nodes": {
    "flakeNimbleLib": {
      "inputs": {
        "nixpkgs": [
          "nixpkgs"
        ]
      },
      "locked": {
        "lastModified": 1662018438,
        "narHash": "sha256-QtNtU6+LX3Wokxf0zlFwKTFOcn6TeDjKQZ+DA9OYtvM=",
        "owner": "riinr",
        "repo": "nim-flakes-lib",
        "rev": "b1fe8340736e3a85d25c709ac3dfd82a55c03cbf",
        "type": "github"
      },
      "original": {
        "owner": "riinr",
        "ref": "master",
        "repo": "nim-flakes-lib",
        "type": "github"
      }
    },
    "nixpkgs": {
      "locked": {
        "lastModified": 0,
        "narHash": "sha256-ajXYYTE1uoY3ei/P1v+Knklf2QNCBxMtw1gByaPTGU4=",
        "path": "/nix/store/l9gfyh4wh4yrv0m9is00x82ba0synxgb-source",
        "type": "path"
      },
      "original": {
        "id": "nixpkgs",
        "type": "indirect"
      }
    },
    "root": {
      "inputs": {
        "flakeNimbleLib": "flakeNimbleLib",
        "nixpkgs": "nixpkgs",
        "src-wings-devel": "src-wings-devel",
        "stones": "stones"
      }
    },
    "src-stones-devel": {
      "flake": false,
      "locked": {
        "lastModified": 1603438024,
        "narHash": "sha256-J5MJS3oCkI0514HkVejrm6Ls4QCQhElRcBuMfeYHvA0=",
        "owner": "binhonglee",
        "repo": "stones",
        "rev": "031438bceacbfe203481594cf40f424f2fe301da",
        "type": "github"
      },
      "original": {
        "owner": "binhonglee",
        "ref": "refs/heads/devel",
        "repo": "stones",
        "type": "github"
      }
    },
    "src-wings-devel": {
      "flake": false,
      "locked": {
        "lastModified": 1661864772,
        "narHash": "sha256-s0KC6uTH96gmhZSRGqdLuVvokP60jhI8QeuzPHEg148=",
        "owner": "binhonglee",
        "repo": "wings",
        "rev": "a701b229e7c6c5633c076c29f527f3791414aaed",
        "type": "github"
      },
      "original": {
        "owner": "binhonglee",
        "ref": "refs/heads/devel",
        "repo": "wings",
        "type": "github"
      }
    },
    "stones": {
      "inputs": {
        "flakeNimbleLib": [
          "flakeNimbleLib"
        ],
        "nixpkgs": [
          "nixpkgs"
        ],
        "src-stones-devel": "src-stones-devel"
      },
      "locked": {
        "dir": "devel",
        "lastModified": 1662003071,
        "narHash": "sha256-VT0Zj2w/HAjcfzVsgmlt5ZC0KIgu3+Ml0K93m9X9SqM=",
        "owner": "nim-nix-pkgs",
        "repo": "stones",
        "rev": "2b57951e32a3e561adeb3fde66df4ca2152e9721",
        "type": "github"
      },
      "original": {
        "dir": "devel",
        "owner": "nim-nix-pkgs",
        "ref": "master",
        "repo": "stones",
        "type": "github"
      }
    }
  },
  "root": "root",
  "version": 7
}
