{
  "nodes": {
    "flakeNimbleLib": {
      "inputs": {
        "nixpkgs": [
          "nixpkgs"
        ]
      },
      "locked": {
        "lastModified": 1648105061,
        "narHash": "sha256-Je25qNlH4xrH3+m6vIq6yPvdfQ80FRTwX4JOhrRLduc=",
        "owner": "riinr",
        "repo": "nim-flakes-lib",
        "rev": "f1ec5e2f15b9f717c33b6942ce7cb344ff868522",
        "type": "github"
      },
      "original": {
        "owner": "riinr",
        "ref": "master",
        "repo": "nim-flakes-lib",
        "type": "github"
      }
    },
    "nixpkgs": {
      "locked": {
        "narHash": "sha256-7sWpWRO0IsBP5jm9qCrpuzDkWC7UAghiCmZZ+1uqHKo=",
        "path": "/nix/store/q2jrkx5a3z6yxzbfai0kxpnqki80jm3l-source",
        "type": "path"
      },
      "original": {
        "id": "nixpkgs",
        "type": "indirect"
      }
    },
    "root": {
      "inputs": {
        "flakeNimbleLib": "flakeNimbleLib",
        "nixpkgs": "nixpkgs",
        "src-iputils-master": "src-iputils-master",
        "stew": "stew"
      }
    },
    "src-iputils-master": {
      "flake": false,
      "locked": {
        "lastModified": 1647994473,
        "narHash": "sha256-5NmzcZct9SZMWNn0cRBCzCj5UZwjoHmty+nG+MWcjyk=",
        "owner": "rockcavera",
        "repo": "nim-iputils",
        "rev": "0b9ddc9378e5b54ef6cca6679b2a231580b35795",
        "type": "github"
      },
      "original": {
        "owner": "rockcavera",
        "ref": "refs/heads/master",
        "repo": "nim-iputils",
        "type": "github"
      }
    },
    "src-stew-master": {
      "flake": false,
      "locked": {
        "lastModified": 1653308824,
        "narHash": "sha256-7vCG3cTWBRE104nPUUCXbghJrNk8rki5pp6zlDAJLlI=",
        "owner": "status-im",
        "repo": "nim-stew",
        "rev": "412a691f5d29c93bee8f083d213ee8f2c6578bed",
        "type": "github"
      },
      "original": {
        "owner": "status-im",
        "ref": "refs/heads/master",
        "repo": "nim-stew",
        "type": "github"
      }
    },
    "stew": {
      "inputs": {
        "flakeNimbleLib": [
          "flakeNimbleLib"
        ],
        "nixpkgs": [
          "nixpkgs"
        ],
        "src-stew-master": "src-stew-master"
      },
      "locked": {
        "dir": "master",
        "lastModified": 1653702420,
        "narHash": "sha256-volBAm3WrSGJESm03SYW5Du3AQpj/1SU1W6BJupNbUc=",
        "owner": "nim-nix-pkgs",
        "repo": "stew",
        "rev": "5cc7479698196e5a769f8c86cf69f5ebad3ad00a",
        "type": "github"
      },
      "original": {
        "dir": "master",
        "owner": "nim-nix-pkgs",
        "ref": "master",
        "repo": "stew",
        "type": "github"
      }
    }
  },
  "root": "root",
  "version": 7
}
