{
  "nodes": {
    "flakeNimbleLib": {
      "inputs": {
        "nixpkgs": [
          "nixpkgs"
        ]
      },
      "locked": {
        "lastModified": 1648105061,
        "narHash": "sha256-Je25qNlH4xrH3+m6vIq6yPvdfQ80FRTwX4JOhrRLduc=",
        "owner": "riinr",
        "repo": "nim-flakes-lib",
        "rev": "f1ec5e2f15b9f717c33b6942ce7cb344ff868522",
        "type": "github"
      },
      "original": {
        "owner": "riinr",
        "ref": "master",
        "repo": "nim-flakes-lib",
        "type": "github"
      }
    },
    "hex-master": {
      "inputs": {
        "flakeNimbleLib": [
          "flakeNimbleLib"
        ],
        "nixpkgs": [
          "nixpkgs"
        ],
        "src-hex-master": "src-hex-master"
      },
      "locked": {
        "dir": "master",
        "lastModified": 1659724202,
        "narHash": "sha256-cvSs9zP32U+Yu6OMZo9vWcn22LJIMrAlpn9D1HHcezI=",
        "owner": "nim-nix-pkgs",
        "repo": "hex",
        "rev": "e4886f097b195d8843282ffc1dfa35d2781c8fff",
        "type": "github"
      },
      "original": {
        "dir": "master",
        "owner": "nim-nix-pkgs",
        "ref": "master",
        "repo": "hex",
        "type": "github"
      }
    },
    "nixpkgs": {
      "locked": {
        "lastModified": 0,
        "narHash": "sha256-JEYCjAFJQK0JGe2ApyGu/+doxzTraT+g1LP3npXnuBI=",
        "path": "/nix/store/9rrny83wyfn6vg2znk0mdndhp9dkw32w-source",
        "type": "path"
      },
      "original": {
        "id": "nixpkgs",
        "type": "indirect"
      }
    },
    "root": {
      "inputs": {
        "flakeNimbleLib": "flakeNimbleLib",
        "hex-master": "hex-master",
        "nixpkgs": "nixpkgs"
      }
    },
    "src-hex-master": {
      "flake": false,
      "locked": {
        "lastModified": 1400176791,
        "narHash": "sha256-4KVbAKwlGCMgunTnQ8+JqxdVdX33BeziLJ4cVqIssfY=",
        "owner": "esbullington",
        "repo": "nimrod-hex",
        "rev": "ee6559b2a5d991bc9d2017878b197e6f05e9caaf",
        "type": "github"
      },
      "original": {
        "owner": "esbullington",
        "ref": "refs/heads/master",
        "repo": "nimrod-hex",
        "type": "github"
      }
    }
  },
  "root": "root",
  "version": 7
}
