{
  "nodes": {
    "flakeNimbleLib": {
      "inputs": {
        "nixpkgs": [
          "nixpkgs"
        ]
      },
      "locked": {
        "lastModified": 1662018438,
        "narHash": "sha256-QtNtU6+LX3Wokxf0zlFwKTFOcn6TeDjKQZ+DA9OYtvM=",
        "owner": "riinr",
        "repo": "nim-flakes-lib",
        "rev": "b1fe8340736e3a85d25c709ac3dfd82a55c03cbf",
        "type": "github"
      },
      "original": {
        "owner": "riinr",
        "ref": "master",
        "repo": "nim-flakes-lib",
        "type": "github"
      }
    },
    "nixpkgs": {
      "locked": {
        "lastModified": 0,
        "narHash": "sha256-ajXYYTE1uoY3ei/P1v+Knklf2QNCBxMtw1gByaPTGU4=",
        "path": "/nix/store/l9gfyh4wh4yrv0m9is00x82ba0synxgb-source",
        "type": "path"
      },
      "original": {
        "id": "nixpkgs",
        "type": "indirect"
      }
    },
    "root": {
      "inputs": {
        "flakeNimbleLib": "flakeNimbleLib",
        "nixpkgs": "nixpkgs",
        "src-luhny-master": "src-luhny-master"
      }
    },
    "src-luhny-master": {
      "flake": false,
      "locked": {
        "lastModified": 1582910042,
        "narHash": "sha256-yo3//N514ErO9B+afuImaOVxt0fMiw1usF5g2Z5sd8c=",
        "owner": "sigmapie8",
        "repo": "luhny",
        "rev": "e4782218f21daef6acbfa1bfdcecb1f370234d5c",
        "type": "github"
      },
      "original": {
        "owner": "sigmapie8",
        "ref": "refs/heads/master",
        "repo": "luhny",
        "type": "github"
      }
    }
  },
  "root": "root",
  "version": 7
}
