{
  "nodes": {
    "flakeNimbleLib": {
      "inputs": {
        "nixpkgs": [
          "nixpkgs"
        ]
      },
      "locked": {
        "lastModified": 1648105061,
        "narHash": "sha256-Je25qNlH4xrH3+m6vIq6yPvdfQ80FRTwX4JOhrRLduc=",
        "owner": "riinr",
        "repo": "nim-flakes-lib",
        "rev": "f1ec5e2f15b9f717c33b6942ce7cb344ff868522",
        "type": "github"
      },
      "original": {
        "owner": "riinr",
        "ref": "master",
        "repo": "nim-flakes-lib",
        "type": "github"
      }
    },
    "nixpkgs": {
      "locked": {
        "lastModified": 0,
        "narHash": "sha256-19Ib1b7Ny+yGhnxwnH1KhhB2hvALuNuqevA6XzqkQmo=",
        "path": "/nix/store/5mdm97ryfgnsh02h7jiragdmcgh6vbvp-source",
        "type": "path"
      },
      "original": {
        "id": "nixpkgs",
        "type": "indirect"
      }
    },
    "root": {
      "inputs": {
        "flakeNimbleLib": "flakeNimbleLib",
        "nixpkgs": "nixpkgs",
        "src-ormin-master": "src-ormin-master",
        "websocket": "websocket"
      }
    },
    "src-ormin-master": {
      "flake": false,
      "locked": {
        "lastModified": 1639472210,
        "narHash": "sha256-dQY6tBRa7jKXoC85iIIf9q4IWVc+kpz41S8gn6uFcno=",
        "owner": "Araq",
        "repo": "ormin",
        "rev": "1ab73b682aed4a73228832d1c17ec064c5c829b0",
        "type": "github"
      },
      "original": {
        "owner": "Araq",
        "ref": "refs/heads/master",
        "repo": "ormin",
        "type": "github"
      }
    },
    "src-websocket-v0_5_1": {
      "flake": false,
      "locked": {
        "lastModified": 1660564112,
        "narHash": "sha256-M/rGFFUkg/6Qs4WI0JuJV3OPeS4y6xI/FyjxNK+qwp4=",
        "owner": "niv",
        "repo": "websocket.nim",
        "rev": "b889d2f8bdb81fd800fb203866cf4b1f7a31c451",
        "type": "github"
      },
      "original": {
        "owner": "niv",
        "ref": "refs/tags/v0.5.1",
        "repo": "websocket.nim",
        "type": "github"
      }
    },
    "websocket": {
      "inputs": {
        "flakeNimbleLib": [
          "flakeNimbleLib"
        ],
        "nixpkgs": [
          "nixpkgs"
        ],
        "src-websocket-v0_5_1": "src-websocket-v0_5_1"
      },
      "locked": {
        "dir": "v0_5_1",
        "lastModified": 1661841716,
        "narHash": "sha256-VMEfvBNBT72iQk4R/sTBTdbuLqJWUSJwNzOWEUhV6J0=",
        "owner": "nim-nix-pkgs",
        "repo": "websocket",
        "rev": "9cf6216d8805ae1a5cdf37d919584c2e9f932b69",
        "type": "github"
      },
      "original": {
        "dir": "v0_5_1",
        "owner": "nim-nix-pkgs",
        "ref": "master",
        "repo": "websocket",
        "type": "github"
      }
    }
  },
  "root": "root",
  "version": 7
}
