{
  "nodes": {
    "drawille-master": {
      "inputs": {
        "flakeNimbleLib": [
          "flakeNimbleLib"
        ],
        "nixpkgs": [
          "nixpkgs"
        ],
        "src-drawille-master": "src-drawille-master"
      },
      "locked": {
        "dir": "master",
        "lastModified": 1667329618,
        "narHash": "sha256-hAtks6jtUf/51nD76gugz1CExW67lkuWfGuqm4zf+Is=",
        "owner": "nim-nix-pkgs",
        "repo": "drawille",
        "rev": "90cd167c64a68133343ab0eafa0f1d8d3be5eea8",
        "type": "github"
      },
      "original": {
        "dir": "master",
        "owner": "nim-nix-pkgs",
        "ref": "master",
        "repo": "drawille",
        "type": "github"
      }
    },
    "flakeNimbleLib": {
      "inputs": {
        "nixpkgs": [
          "nixpkgs"
        ]
      },
      "locked": {
        "lastModified": 1662018438,
        "narHash": "sha256-QtNtU6+LX3Wokxf0zlFwKTFOcn6TeDjKQZ+DA9OYtvM=",
        "owner": "riinr",
        "repo": "nim-flakes-lib",
        "rev": "b1fe8340736e3a85d25c709ac3dfd82a55c03cbf",
        "type": "github"
      },
      "original": {
        "owner": "riinr",
        "ref": "master",
        "repo": "nim-flakes-lib",
        "type": "github"
      }
    },
    "nixpkgs": {
      "locked": {
        "lastModified": 1667292599,
        "narHash": "sha256-7ISOUI1aj6UKMPIL+wwthENL22L3+A9V+jS8Is3QsRo=",
        "owner": "NixOS",
        "repo": "nixpkgs",
        "rev": "ef2f213d9659a274985778bff4ca322f3ef3ac68",
        "type": "github"
      },
      "original": {
        "id": "nixpkgs",
        "type": "indirect"
      }
    },
    "root": {
      "inputs": {
        "drawille-master": "drawille-master",
        "flakeNimbleLib": "flakeNimbleLib",
        "nixpkgs": "nixpkgs"
      }
    },
    "src-drawille-master": {
      "flake": false,
      "locked": {
        "lastModified": 1529490765,
        "narHash": "sha256-VxmairChizBtxjHQR/EwsUeMLszQm/sqd90HdUsLAuY=",
        "owner": "PMunch",
        "repo": "drawille-nim",
        "rev": "1b2daec77e6bbb78bc5a330b92796386e172bd57",
        "type": "github"
      },
      "original": {
        "owner": "PMunch",
        "ref": "refs/heads/master",
        "repo": "drawille-nim",
        "type": "github"
      }
    }
  },
  "root": "root",
  "version": 7
}
