{
  "nodes": {
    "flakeNimbleLib": {
      "inputs": {
        "nixpkgs": [
          "nixpkgs"
        ]
      },
      "locked": {
        "lastModified": 1648105061,
        "narHash": "sha256-Je25qNlH4xrH3+m6vIq6yPvdfQ80FRTwX4JOhrRLduc=",
        "owner": "riinr",
        "repo": "nim-flakes-lib",
        "rev": "f1ec5e2f15b9f717c33b6942ce7cb344ff868522",
        "type": "github"
      },
      "original": {
        "owner": "riinr",
        "ref": "master",
        "repo": "nim-flakes-lib",
        "type": "github"
      }
    },
    "nixpkgs": {
      "locked": {
        "lastModified": 0,
        "narHash": "sha256-19Ib1b7Ny+yGhnxwnH1KhhB2hvALuNuqevA6XzqkQmo=",
        "path": "/nix/store/5mdm97ryfgnsh02h7jiragdmcgh6vbvp-source",
        "type": "path"
      },
      "original": {
        "id": "nixpkgs",
        "type": "indirect"
      }
    },
    "root": {
      "inputs": {
        "flakeNimbleLib": "flakeNimbleLib",
        "nixpkgs": "nixpkgs",
        "tencil-main": "tencil-main"
      }
    },
    "src-tencil-main": {
      "flake": false,
      "locked": {
        "lastModified": 1610439594,
        "narHash": "sha256-8vijyetTRd72Cg3hyjP0baPN92A08e/IUV8P88u92pg=",
        "owner": "enimatek-nl",
        "repo": "tencil",
        "rev": "de809dff9d7744b246ea3fd85add0ba59bedc40f",
        "type": "github"
      },
      "original": {
        "owner": "enimatek-nl",
        "ref": "refs/heads/main",
        "repo": "tencil",
        "type": "github"
      }
    },
    "tencil-main": {
      "inputs": {
        "flakeNimbleLib": [
          "flakeNimbleLib"
        ],
        "nixpkgs": [
          "nixpkgs"
        ],
        "src-tencil-main": "src-tencil-main"
      },
      "locked": {
        "dir": "main",
        "lastModified": 1661565715,
        "narHash": "sha256-Ku8qxa2spyqFTB5EtxQiX4cJrlEfLP/ZZEjJHddeBCo=",
        "owner": "nim-nix-pkgs",
        "repo": "tencil",
        "rev": "efe7a637af0afe92cdb93ed80713f80652cc4f3a",
        "type": "github"
      },
      "original": {
        "dir": "main",
        "owner": "nim-nix-pkgs",
        "ref": "master",
        "repo": "tencil",
        "type": "github"
      }
    }
  },
  "root": "root",
  "version": 7
}
