{
  "nodes": {
    "flakeNimbleLib": {
      "inputs": {
        "nixpkgs": [
          "nixpkgs"
        ]
      },
      "locked": {
        "lastModified": 1648105061,
        "narHash": "sha256-Je25qNlH4xrH3+m6vIq6yPvdfQ80FRTwX4JOhrRLduc=",
        "owner": "riinr",
        "repo": "nim-flakes-lib",
        "rev": "f1ec5e2f15b9f717c33b6942ce7cb344ff868522",
        "type": "github"
      },
      "original": {
        "owner": "riinr",
        "ref": "master",
        "repo": "nim-flakes-lib",
        "type": "github"
      }
    },
    "nixpkgs": {
      "locked": {
        "lastModified": 0,
        "narHash": "sha256-19Ib1b7Ny+yGhnxwnH1KhhB2hvALuNuqevA6XzqkQmo=",
        "path": "/nix/store/5mdm97ryfgnsh02h7jiragdmcgh6vbvp-source",
        "type": "path"
      },
      "original": {
        "id": "nixpkgs",
        "type": "indirect"
      }
    },
    "root": {
      "inputs": {
        "flakeNimbleLib": "flakeNimbleLib",
        "nixpkgs": "nixpkgs",
        "src-des-master": "src-des-master"
      }
    },
    "src-des-master": {
      "flake": false,
      "locked": {
        "lastModified": 1569319809,
        "narHash": "sha256-zUSoPXqw6laixkMw+kzwK8Rj5IRN/UuHJMjsc/zGhrc=",
        "owner": "LucaWolf",
        "repo": "des.nim",
        "rev": "1fe5f4f88d3e5fda44ed0093024a5a162626656b",
        "type": "github"
      },
      "original": {
        "owner": "LucaWolf",
        "ref": "refs/heads/master",
        "repo": "des.nim",
        "type": "github"
      }
    }
  },
  "root": "root",
  "version": 7
}
