{
  "nodes": {
    "flakeNimbleLib": {
      "inputs": {
        "nixpkgs": [
          "nixpkgs"
        ]
      },
      "locked": {
        "lastModified": 1646967037,
        "narHash": "sha256-BoEqkGzLVnFICrF15wczZJrfF1vMVngRzF5cEgFzdzU=",
        "owner": "riinr",
        "repo": "nim-flakes-lib",
        "rev": "028e7596fdb918b72a295d220d48417ab2f5dfd1",
        "type": "github"
      },
      "original": {
        "owner": "riinr",
        "ref": "master",
        "repo": "nim-flakes-lib",
        "type": "github"
      }
    },
    "nimja-master": {
      "inputs": {
        "flakeNimbleLib": [
          "flakeNimbleLib"
        ],
        "nixpkgs": [
          "nixpkgs"
        ],
        "src-nimja-master": "src-nimja-master"
      },
      "locked": {
        "dir": "nimpkgs/n/nimja/master",
        "lastModified": 1646967406,
        "narHash": "sha256-7yY969affJjYe7EtRovP3OFMPrYRzrXc++2HXXrXxiQ=",
        "owner": "riinr",
        "repo": "flake-nimble",
        "rev": "d80bdf6d01990666bf845a0d6c3d09ee79633b08",
        "type": "github"
      },
      "original": {
        "dir": "nimpkgs/n/nimja/master",
        "owner": "riinr",
        "ref": "flake-pinning",
        "repo": "flake-nimble",
        "type": "github"
      }
    },
    "nixpkgs": {
      "locked": {
        "narHash": "sha256-7sWpWRO0IsBP5jm9qCrpuzDkWC7UAghiCmZZ+1uqHKo=",
        "path": "/nix/store/q2jrkx5a3z6yxzbfai0kxpnqki80jm3l-source",
        "type": "path"
      },
      "original": {
        "id": "nixpkgs",
        "type": "indirect"
      }
    },
    "root": {
      "inputs": {
        "flakeNimbleLib": "flakeNimbleLib",
        "nimja-master": "nimja-master",
        "nixpkgs": "nixpkgs"
      }
    },
    "src-nimja-master": {
      "flake": false,
      "locked": {
        "lastModified": 1646033070,
        "narHash": "sha256-87YsCxSYRknJrXYQvNHv7Md/gccyIWHZ9nCck2pHn4E=",
        "owner": "enthus1ast",
        "repo": "nimja",
        "rev": "71c4a14d8c071271ec0d325b7a6dbb73c6e23a63",
        "type": "github"
      },
      "original": {
        "owner": "enthus1ast",
        "ref": "refs/heads/master",
        "repo": "nimja",
        "type": "github"
      }
    }
  },
  "root": "root",
  "version": 7
}
