{
  "nodes": {
    "flakeNimbleLib": {
      "inputs": {
        "nixpkgs": [
          "nixpkgs"
        ]
      },
      "locked": {
        "lastModified": 1648105061,
        "narHash": "sha256-Je25qNlH4xrH3+m6vIq6yPvdfQ80FRTwX4JOhrRLduc=",
        "owner": "riinr",
        "repo": "nim-flakes-lib",
        "rev": "f1ec5e2f15b9f717c33b6942ce7cb344ff868522",
        "type": "github"
      },
      "original": {
        "owner": "riinr",
        "ref": "master",
        "repo": "nim-flakes-lib",
        "type": "github"
      }
    },
    "nixpkgs": {
      "locked": {
        "narHash": "sha256-7sWpWRO0IsBP5jm9qCrpuzDkWC7UAghiCmZZ+1uqHKo=",
        "path": "/nix/store/q2jrkx5a3z6yxzbfai0kxpnqki80jm3l-source",
        "type": "path"
      },
      "original": {
        "id": "nixpkgs",
        "type": "indirect"
      }
    },
    "root": {
      "inputs": {
        "flakeNimbleLib": "flakeNimbleLib",
        "nixpkgs": "nixpkgs",
        "src-newfix-master": "src-newfix-master"
      }
    },
    "src-newfix-master": {
      "flake": false,
      "locked": {
        "lastModified": 1618012776,
        "narHash": "sha256-lDg/SwvSKkOhegxtujhX7W+7cNtrpCoX6pBnM7cjsRY=",
        "owner": "inv2004",
        "repo": "newfix",
        "rev": "03bbdb1d1cf0037a366f23167d3723f66181f888",
        "type": "github"
      },
      "original": {
        "owner": "inv2004",
        "ref": "refs/heads/master",
        "repo": "newfix",
        "type": "github"
      }
    }
  },
  "root": "root",
  "version": 7
}
