{
  "nodes": {
    "flakeNimbleLib": {
      "inputs": {
        "nixpkgs": [
          "nixpkgs"
        ]
      },
      "locked": {
        "lastModified": 1648105061,
        "narHash": "sha256-Je25qNlH4xrH3+m6vIq6yPvdfQ80FRTwX4JOhrRLduc=",
        "owner": "riinr",
        "repo": "nim-flakes-lib",
        "rev": "f1ec5e2f15b9f717c33b6942ce7cb344ff868522",
        "type": "github"
      },
      "original": {
        "owner": "riinr",
        "ref": "master",
        "repo": "nim-flakes-lib",
        "type": "github"
      }
    },
    "nixpkgs": {
      "locked": {
        "lastModified": 0,
        "narHash": "sha256-BBeCZwZImtjP3oYy4WogkQYy5OxNyfNciVSc1AfZgLQ=",
        "path": "/nix/store/z8fi1f38y14lmsyhnph1l98qr3r9x7wr-source",
        "type": "path"
      },
      "original": {
        "id": "nixpkgs",
        "type": "indirect"
      }
    },
    "root": {
      "inputs": {
        "flakeNimbleLib": "flakeNimbleLib",
        "nixpkgs": "nixpkgs",
        "src-cligen-master": "src-cligen-master"
      }
    },
    "src-cligen-master": {
      "flake": false,
      "locked": {
        "lastModified": 1660734033,
        "narHash": "sha256-oRdpcVoGleIRnJuiEgK0ejZ10XXd9AY+HOecEPQrLIA=",
        "owner": "c-blake",
        "repo": "cligen",
        "rev": "4e2563428d2d96c6ea1f91ad2a73f5c1606e73ff",
        "type": "github"
      },
      "original": {
        "owner": "c-blake",
        "ref": "refs/heads/master",
        "repo": "cligen",
        "type": "github"
      }
    }
  },
  "root": "root",
  "version": 7
}
