{
  "nodes": {
    "flakeNimbleLib": {
      "inputs": {
        "nixpkgs": [
          "nixpkgs"
        ]
      },
      "locked": {
        "lastModified": 1648105061,
        "narHash": "sha256-Je25qNlH4xrH3+m6vIq6yPvdfQ80FRTwX4JOhrRLduc=",
        "owner": "riinr",
        "repo": "nim-flakes-lib",
        "rev": "f1ec5e2f15b9f717c33b6942ce7cb344ff868522",
        "type": "github"
      },
      "original": {
        "owner": "riinr",
        "ref": "master",
        "repo": "nim-flakes-lib",
        "type": "github"
      }
    },
    "nimmikudance-main": {
      "inputs": {
        "flakeNimbleLib": [
          "flakeNimbleLib"
        ],
        "nixpkgs": [
          "nixpkgs"
        ],
        "src-nimmikudance-main": "src-nimmikudance-main"
      },
      "locked": {
        "dir": "main",
        "lastModified": 1656297924,
        "narHash": "sha256-MlEUVa3Ws/kX7+9a3yDeDgSW2YYLdb2wDnsLAjwGiQc=",
        "owner": "nim-nix-pkgs",
        "repo": "nimmikudance",
        "rev": "2f0653aab2e49392c900608766f01ba76e29c754",
        "type": "github"
      },
      "original": {
        "dir": "main",
        "owner": "nim-nix-pkgs",
        "ref": "master",
        "repo": "nimmikudance",
        "type": "github"
      }
    },
    "nixpkgs": {
      "locked": {
        "lastModified": 0,
        "narHash": "sha256-BBeCZwZImtjP3oYy4WogkQYy5OxNyfNciVSc1AfZgLQ=",
        "path": "/nix/store/z8fi1f38y14lmsyhnph1l98qr3r9x7wr-source",
        "type": "path"
      },
      "original": {
        "id": "nixpkgs",
        "type": "indirect"
      }
    },
    "root": {
      "inputs": {
        "flakeNimbleLib": "flakeNimbleLib",
        "nimmikudance-main": "nimmikudance-main",
        "nixpkgs": "nixpkgs"
      }
    },
    "src-nimmikudance-main": {
      "flake": false,
      "locked": {
        "lastModified": 1653291614,
        "narHash": "sha256-WMu8Fbk95xI5TotZIxc26hMiEtZUWzpJHJsFWw/IExQ=",
        "owner": "aphkyle",
        "repo": "NimMikuDance",
        "rev": "52772ae5dce004ab6ac1829ab8ad403a379375e1",
        "type": "github"
      },
      "original": {
        "owner": "aphkyle",
        "ref": "refs/heads/main",
        "repo": "NimMikuDance",
        "type": "github"
      }
    }
  },
  "root": "root",
  "version": 7
}
