{
  "nodes": {
    "flakeNimbleLib": {
      "inputs": {
        "nixpkgs": [
          "nixpkgs"
        ]
      },
      "locked": {
        "lastModified": 1662018438,
        "narHash": "sha256-QtNtU6+LX3Wokxf0zlFwKTFOcn6TeDjKQZ+DA9OYtvM=",
        "owner": "riinr",
        "repo": "nim-flakes-lib",
        "rev": "b1fe8340736e3a85d25c709ac3dfd82a55c03cbf",
        "type": "github"
      },
      "original": {
        "owner": "riinr",
        "ref": "master",
        "repo": "nim-flakes-lib",
        "type": "github"
      }
    },
    "nixpkgs": {
      "locked": {
        "lastModified": 1667292599,
        "narHash": "sha256-7ISOUI1aj6UKMPIL+wwthENL22L3+A9V+jS8Is3QsRo=",
        "owner": "NixOS",
        "repo": "nixpkgs",
        "rev": "ef2f213d9659a274985778bff4ca322f3ef3ac68",
        "type": "github"
      },
      "original": {
        "id": "nixpkgs",
        "type": "indirect"
      }
    },
    "printdebug-master": {
      "inputs": {
        "flakeNimbleLib": [
          "flakeNimbleLib"
        ],
        "nixpkgs": [
          "nixpkgs"
        ],
        "src-printdebug-master": "src-printdebug-master"
      },
      "locked": {
        "dir": "master",
        "lastModified": 1667329877,
        "narHash": "sha256-kypWdVkdPz06SBynqA1JbvKREDEl+MEPTqHHgd0hV7o=",
        "owner": "nim-nix-pkgs",
        "repo": "printdebug",
        "rev": "f3c7665bbb4e312ef3d396404c4a0223839ce7a2",
        "type": "github"
      },
      "original": {
        "dir": "master",
        "owner": "nim-nix-pkgs",
        "ref": "master",
        "repo": "printdebug",
        "type": "github"
      }
    },
    "root": {
      "inputs": {
        "flakeNimbleLib": "flakeNimbleLib",
        "nixpkgs": "nixpkgs",
        "printdebug-master": "printdebug-master"
      }
    },
    "src-printdebug-master": {
      "flake": false,
      "locked": {
        "lastModified": 1537836493,
        "narHash": "sha256-pOVpXLfPuIsHEpH4JvVKD2lA02gYEcPJCy5xIi7xGH0=",
        "owner": "juancarlospaco",
        "repo": "nim-printdebug",
        "rev": "88dcf2dd5f6f0584e80dbe7e40cdbb124c9998fd",
        "type": "github"
      },
      "original": {
        "owner": "juancarlospaco",
        "ref": "refs/heads/master",
        "repo": "nim-printdebug",
        "type": "github"
      }
    }
  },
  "root": "root",
  "version": 7
}
