{
  "nodes": {
    "flakeNimbleLib": {
      "inputs": {
        "nixpkgs": [
          "nixpkgs"
        ]
      },
      "locked": {
        "lastModified": 1662018438,
        "narHash": "sha256-QtNtU6+LX3Wokxf0zlFwKTFOcn6TeDjKQZ+DA9OYtvM=",
        "owner": "riinr",
        "repo": "nim-flakes-lib",
        "rev": "b1fe8340736e3a85d25c709ac3dfd82a55c03cbf",
        "type": "github"
      },
      "original": {
        "owner": "riinr",
        "ref": "master",
        "repo": "nim-flakes-lib",
        "type": "github"
      }
    },
    "nixpkgs": {
      "locked": {
        "lastModified": 1667292599,
        "narHash": "sha256-7ISOUI1aj6UKMPIL+wwthENL22L3+A9V+jS8Is3QsRo=",
        "owner": "NixOS",
        "repo": "nixpkgs",
        "rev": "ef2f213d9659a274985778bff4ca322f3ef3ac68",
        "type": "github"
      },
      "original": {
        "id": "nixpkgs",
        "type": "indirect"
      }
    },
    "root": {
      "inputs": {
        "flakeNimbleLib": "flakeNimbleLib",
        "nixpkgs": "nixpkgs",
        "src-ioselectors-master": "src-ioselectors-master",
        "wepoll": "wepoll"
      }
    },
    "src-ioselectors-master": {
      "flake": false,
      "locked": {
        "lastModified": 1604484256,
        "narHash": "sha256-qCnSOE/3yeZ1tFnC+CI1dOu1iUb5kVqtL4YGEqMRZbk=",
        "owner": "ringabout",
        "repo": "ioselectors",
        "rev": "6fcdbf3fddeb239885cd8bce15a0ab63c00647c0",
        "type": "github"
      },
      "original": {
        "owner": "ringabout",
        "ref": "refs/heads/master",
        "repo": "ioselectors",
        "type": "github"
      }
    },
    "src-wepoll-v0_1_0": {
      "flake": false,
      "locked": {
        "lastModified": 1596505072,
        "narHash": "sha256-2y5blfgaAAe1PWH72sdbuzqkfnJP5ztm4malRG7zCvE=",
        "owner": "ringabout",
        "repo": "wepoll",
        "rev": "c49c3280130bb724f1601b1d42f5b7deabad3198",
        "type": "github"
      },
      "original": {
        "owner": "ringabout",
        "ref": "refs/tags/v0.1.0",
        "repo": "wepoll",
        "type": "github"
      }
    },
    "wepoll": {
      "inputs": {
        "flakeNimbleLib": [
          "flakeNimbleLib"
        ],
        "nixpkgs": [
          "nixpkgs"
        ],
        "src-wepoll-v0_1_0": "src-wepoll-v0_1_0"
      },
      "locked": {
        "dir": "v0_1_0",
        "lastModified": 1667334893,
        "narHash": "sha256-8iRPjnf5SZbu9WTXDEDnv5fBHRRbZSNgLIoiZV5Jru8=",
        "owner": "nim-nix-pkgs",
        "repo": "wepoll",
        "rev": "2005deecd77979cf035c8546023fc500fad07a63",
        "type": "github"
      },
      "original": {
        "dir": "v0_1_0",
        "owner": "nim-nix-pkgs",
        "ref": "master",
        "repo": "wepoll",
        "type": "github"
      }
    }
  },
  "root": "root",
  "version": 7
}
