{
  "nodes": {
    "cairo": {
      "inputs": {
        "cairo-1_1_0": "cairo-1_1_0",
        "cairo-1_1_1": "cairo-1_1_1",
        "cairo-master": "cairo-master",
        "flakeNimbleLib": [
          "flakeNimbleLib"
        ],
        "nixpkgs": [
          "nixpkgs"
        ]
      },
      "locked": {
        "lastModified": 1647057551,
        "narHash": "sha256-DG1IY3MrAg2KXaJJxcT4oNIEhIaCv5L/z/eX6aSEv3A=",
        "owner": "nim-nix-pkgs",
        "repo": "cairo",
        "rev": "7febf7a9a111c4cb3d16ceea376d0a1faabb7e5b",
        "type": "github"
      },
      "original": {
        "owner": "nim-nix-pkgs",
        "ref": "master",
        "repo": "cairo",
        "type": "github"
      }
    },
    "cairo-1_1_0": {
      "inputs": {
        "flakeNimbleLib": [
          "cairo",
          "flakeNimbleLib"
        ],
        "nixpkgs": [
          "cairo",
          "nixpkgs"
        ],
        "src-cairo-1_1_0": "src-cairo-1_1_0"
      },
      "locked": {
        "narHash": "sha256-1yIvRy9zcaLdlbEeS7JAoCPGztXOp4Q1zDq3ZKWxMhU=",
        "path": "./1_1_0",
        "type": "path"
      },
      "original": {
        "path": "./1_1_0",
        "type": "path"
      }
    },
    "cairo-1_1_1": {
      "inputs": {
        "flakeNimbleLib": [
          "cairo",
          "flakeNimbleLib"
        ],
        "nixpkgs": [
          "cairo",
          "nixpkgs"
        ],
        "src-cairo-1_1_1": "src-cairo-1_1_1"
      },
      "locked": {
        "narHash": "sha256-s5/Zw76Wu17bnJvyxSu24Cdrk0pPBtJRkxg+0VLbkus=",
        "path": "./1_1_1",
        "type": "path"
      },
      "original": {
        "path": "./1_1_1",
        "type": "path"
      }
    },
    "cairo-master": {
      "inputs": {
        "flakeNimbleLib": [
          "cairo",
          "flakeNimbleLib"
        ],
        "nixpkgs": [
          "cairo",
          "nixpkgs"
        ],
        "src-cairo-master": "src-cairo-master"
      },
      "locked": {
        "narHash": "sha256-SK2wfcNLlz/M7GNhp75QbBIj/jT7qGajIwEkiLTs1GA=",
        "path": "./master",
        "type": "path"
      },
      "original": {
        "path": "./master",
        "type": "path"
      }
    },
    "denim_ui": {
      "inputs": {
        "denim_ui-master": "denim_ui-master",
        "flakeNimbleLib": [
          "flakeNimbleLib"
        ],
        "nixpkgs": [
          "nixpkgs"
        ]
      },
      "locked": {
        "lastModified": 1647063529,
        "narHash": "sha256-aS9OmFls6Nkkh2hc4YryaEUYbrukll0J+k1e9QSgHTU=",
        "owner": "nim-nix-pkgs",
        "repo": "denim_ui",
        "rev": "bc8ebc58a100889313d26c7716609c38f2ed6fb7",
        "type": "github"
      },
      "original": {
        "owner": "nim-nix-pkgs",
        "ref": "master",
        "repo": "denim_ui",
        "type": "github"
      }
    },
    "denim_ui-master": {
      "inputs": {
        "flakeNimbleLib": [
          "denim_ui",
          "flakeNimbleLib"
        ],
        "nixpkgs": [
          "denim_ui",
          "nixpkgs"
        ],
        "src-cairo-master": "src-cairo-master_2"
      },
      "locked": {
        "narHash": "sha256-SK2wfcNLlz/M7GNhp75QbBIj/jT7qGajIwEkiLTs1GA=",
        "path": "./master",
        "type": "path"
      },
      "original": {
        "path": "./master",
        "type": "path"
      }
    },
    "flakeNimbleLib": {
      "inputs": {
        "nixpkgs": [
          "nixpkgs"
        ]
      },
      "locked": {
        "lastModified": 1646967037,
        "narHash": "sha256-BoEqkGzLVnFICrF15wczZJrfF1vMVngRzF5cEgFzdzU=",
        "owner": "riinr",
        "repo": "nim-flakes-lib",
        "rev": "028e7596fdb918b72a295d220d48417ab2f5dfd1",
        "type": "github"
      },
      "original": {
        "owner": "riinr",
        "ref": "master",
        "repo": "nim-flakes-lib",
        "type": "github"
      }
    },
    "nixpkgs": {
      "locked": {
        "narHash": "sha256-7sWpWRO0IsBP5jm9qCrpuzDkWC7UAghiCmZZ+1uqHKo=",
        "path": "/nix/store/q2jrkx5a3z6yxzbfai0kxpnqki80jm3l-source",
        "type": "path"
      },
      "original": {
        "id": "nixpkgs",
        "type": "indirect"
      }
    },
    "root": {
      "inputs": {
        "cairo": "cairo",
        "denim_ui": "denim_ui",
        "flakeNimbleLib": "flakeNimbleLib",
        "nixpkgs": "nixpkgs",
        "sdl2": "sdl2",
        "src-denim_ui_cairo-master": "src-denim_ui_cairo-master"
      }
    },
    "sdl2": {
      "inputs": {
        "flakeNimbleLib": [
          "flakeNimbleLib"
        ],
        "nixpkgs": [
          "nixpkgs"
        ],
        "sdl2-master": "sdl2-master",
        "sdl2-v2_0": "sdl2-v2_0",
        "sdl2-v2_0_1": "sdl2-v2_0_1",
        "sdl2-v2_0_2": "sdl2-v2_0_2",
        "sdl2-v2_0_3": "sdl2-v2_0_3"
      },
      "locked": {
        "lastModified": 1647068372,
        "narHash": "sha256-j77Zp2ZG2iJ2LPVcy7K8Y7IjfPU4VjicNQA0jJ/YMm4=",
        "owner": "nim-nix-pkgs",
        "repo": "sdl2",
        "rev": "67dc6f959206cc954c7551d277bef1ff87736787",
        "type": "github"
      },
      "original": {
        "owner": "nim-nix-pkgs",
        "ref": "master",
        "repo": "sdl2",
        "type": "github"
      }
    },
    "sdl2-master": {
      "inputs": {
        "flakeNimbleLib": [
          "sdl2",
          "flakeNimbleLib"
        ],
        "nixpkgs": [
          "sdl2",
          "nixpkgs"
        ],
        "src-cairo-master": "src-cairo-master_3"
      },
      "locked": {
        "narHash": "sha256-SK2wfcNLlz/M7GNhp75QbBIj/jT7qGajIwEkiLTs1GA=",
        "path": "./master",
        "type": "path"
      },
      "original": {
        "path": "./master",
        "type": "path"
      }
    },
    "sdl2-v2_0": {
      "inputs": {
        "flakeNimbleLib": [
          "sdl2",
          "flakeNimbleLib"
        ],
        "nixpkgs": [
          "sdl2",
          "nixpkgs"
        ],
        "src-sdl2-v2_0": "src-sdl2-v2_0"
      },
      "locked": {
        "narHash": "sha256-TRWomO4HclqkL054OwOy2u4i1kvuXfFVR3j51cSTe84=",
        "path": "./v2_0",
        "type": "path"
      },
      "original": {
        "path": "./v2_0",
        "type": "path"
      }
    },
    "sdl2-v2_0_1": {
      "inputs": {
        "flakeNimbleLib": [
          "sdl2",
          "flakeNimbleLib"
        ],
        "nixpkgs": [
          "sdl2",
          "nixpkgs"
        ],
        "src-sdl2-v2_0_1": "src-sdl2-v2_0_1"
      },
      "locked": {
        "narHash": "sha256-aF+XAyoHZW6toKtepOsFCE+S87xKTuvICtiFi1VeZPU=",
        "path": "./v2_0_1",
        "type": "path"
      },
      "original": {
        "path": "./v2_0_1",
        "type": "path"
      }
    },
    "sdl2-v2_0_2": {
      "inputs": {
        "flakeNimbleLib": [
          "sdl2",
          "flakeNimbleLib"
        ],
        "nixpkgs": [
          "sdl2",
          "nixpkgs"
        ],
        "src-sdl2-v2_0_2": "src-sdl2-v2_0_2"
      },
      "locked": {
        "narHash": "sha256-6WN8gcG8cgG093PLjpgAtq/W/+dBH9S1G/o/jwobDRI=",
        "path": "./v2_0_2",
        "type": "path"
      },
      "original": {
        "path": "./v2_0_2",
        "type": "path"
      }
    },
    "sdl2-v2_0_3": {
      "inputs": {
        "flakeNimbleLib": [
          "sdl2",
          "flakeNimbleLib"
        ],
        "nixpkgs": [
          "sdl2",
          "nixpkgs"
        ],
        "src-sdl2-v2_0_3": "src-sdl2-v2_0_3"
      },
      "locked": {
        "narHash": "sha256-nkc1P1VaSPXD/tGTDfifGvUqRmKMsTn4My+2jxylaYI=",
        "path": "./v2_0_3",
        "type": "path"
      },
      "original": {
        "path": "./v2_0_3",
        "type": "path"
      }
    },
    "src-cairo-1_1_0": {
      "flake": false,
      "locked": {
        "lastModified": 1573854836,
        "narHash": "sha256-78QY6G367ODPtqkx2gH2iLt+E6spVzQEhmjwmIqPwio=",
        "owner": "nim-lang",
        "repo": "cairo",
        "rev": "47878f414d05fe1ce8884b1226cbf5258247acc1",
        "type": "github"
      },
      "original": {
        "owner": "nim-lang",
        "ref": "refs/tags/1.1.0",
        "repo": "cairo",
        "type": "github"
      }
    },
    "src-cairo-1_1_1": {
      "flake": false,
      "locked": {
        "lastModified": 1587491257,
        "narHash": "sha256-O0+7gRNh7vtRsx6KRH1XfCDcL++VtlXjOeVdaGv4Fzw=",
        "owner": "nim-lang",
        "repo": "cairo",
        "rev": "50ca8ed54554eae686024c0dc88490502af31cb8",
        "type": "github"
      },
      "original": {
        "owner": "nim-lang",
        "ref": "refs/tags/1.1.1",
        "repo": "cairo",
        "type": "github"
      }
    },
    "src-cairo-master": {
      "flake": false,
      "locked": {
        "lastModified": 1588887086,
        "narHash": "sha256-QvmdGbmZBYD9X/O54MYRfkRcC8ctzFR00zLpqODBv68=",
        "owner": "nim-lang",
        "repo": "cairo",
        "rev": "0f3ac504fd1b10091550f7398f48c68538f6b989",
        "type": "github"
      },
      "original": {
        "owner": "nim-lang",
        "ref": "refs/heads/master",
        "repo": "cairo",
        "type": "github"
      }
    },
    "src-cairo-master_2": {
      "flake": false,
      "locked": {
        "lastModified": 1588887086,
        "narHash": "sha256-QvmdGbmZBYD9X/O54MYRfkRcC8ctzFR00zLpqODBv68=",
        "owner": "nim-lang",
        "repo": "cairo",
        "rev": "0f3ac504fd1b10091550f7398f48c68538f6b989",
        "type": "github"
      },
      "original": {
        "owner": "nim-lang",
        "ref": "refs/heads/master",
        "repo": "cairo",
        "type": "github"
      }
    },
    "src-cairo-master_3": {
      "flake": false,
      "locked": {
        "lastModified": 1588887086,
        "narHash": "sha256-QvmdGbmZBYD9X/O54MYRfkRcC8ctzFR00zLpqODBv68=",
        "owner": "nim-lang",
        "repo": "cairo",
        "rev": "0f3ac504fd1b10091550f7398f48c68538f6b989",
        "type": "github"
      },
      "original": {
        "owner": "nim-lang",
        "ref": "refs/heads/master",
        "repo": "cairo",
        "type": "github"
      }
    },
    "src-denim_ui_cairo-master": {
      "flake": false,
      "locked": {
        "lastModified": 1624393600,
        "narHash": "sha256-beg7UE0GDBrcv7Bh+nxHreqhPKv4RqueVkmOtmDy9bM=",
        "owner": "nortero-code",
        "repo": "midio-ui-cairo",
        "rev": "892d103d513bb2c32c4a4e572c78f136f9a9784c",
        "type": "github"
      },
      "original": {
        "owner": "nortero-code",
        "ref": "refs/heads/master",
        "repo": "midio-ui-cairo",
        "type": "github"
      }
    },
    "src-sdl2-v2_0": {
      "flake": false,
      "locked": {
        "lastModified": 1541621103,
        "narHash": "sha256-9InHAXffapTvAci1DigcUckEXaPAA4USPuVr+gQKvNo=",
        "owner": "nim-lang",
        "repo": "sdl2",
        "rev": "f1f2d147bc32dee2111696483812337e7ec15ed6",
        "type": "github"
      },
      "original": {
        "owner": "nim-lang",
        "ref": "refs/tags/v2.0",
        "repo": "sdl2",
        "type": "github"
      }
    },
    "src-sdl2-v2_0_1": {
      "flake": false,
      "locked": {
        "lastModified": 1565539157,
        "narHash": "sha256-Ytt7HddT3S3PkSHW6tkfpTnrJk9S9OKHaQZkJ/lNT5k=",
        "owner": "nim-lang",
        "repo": "sdl2",
        "rev": "6ad2bbf2b6cecda7b18eb48d438bb6bca8ba7180",
        "type": "github"
      },
      "original": {
        "owner": "nim-lang",
        "ref": "refs/tags/v2.0.1",
        "repo": "sdl2",
        "type": "github"
      }
    },
    "src-sdl2-v2_0_2": {
      "flake": false,
      "locked": {
        "lastModified": 1572905085,
        "narHash": "sha256-Ivx/gxDa2HVDjCVrJVu23i4d0pDzzv+ThmwqNjtkjsA=",
        "owner": "nim-lang",
        "repo": "sdl2",
        "rev": "4d74e4fc97394bc47da3e8415887f6a7a96891bf",
        "type": "github"
      },
      "original": {
        "owner": "nim-lang",
        "ref": "refs/tags/v2.0.2",
        "repo": "sdl2",
        "type": "github"
      }
    },
    "src-sdl2-v2_0_3": {
      "flake": false,
      "locked": {
        "lastModified": 1617058617,
        "narHash": "sha256-v8zqsafLMSAsJ1KOh4+1h22GGBe9D0Kkt/cN0s/Nvng=",
        "owner": "nim-lang",
        "repo": "sdl2",
        "rev": "e084923c35e6f513240456d87b3cc9cfd2081e91",
        "type": "github"
      },
      "original": {
        "owner": "nim-lang",
        "ref": "refs/tags/v2.0.3",
        "repo": "sdl2",
        "type": "github"
      }
    }
  },
  "root": "root",
  "version": 7
}
