{
  "nodes": {
    "flakeNimbleLib": {
      "inputs": {
        "nixpkgs": [
          "nixpkgs"
        ]
      },
      "locked": {
        "lastModified": 1648105061,
        "narHash": "sha256-Je25qNlH4xrH3+m6vIq6yPvdfQ80FRTwX4JOhrRLduc=",
        "owner": "riinr",
        "repo": "nim-flakes-lib",
        "rev": "f1ec5e2f15b9f717c33b6942ce7cb344ff868522",
        "type": "github"
      },
      "original": {
        "owner": "riinr",
        "ref": "master",
        "repo": "nim-flakes-lib",
        "type": "github"
      }
    },
    "nixpkgs": {
      "locked": {
        "narHash": "sha256-7sWpWRO0IsBP5jm9qCrpuzDkWC7UAghiCmZZ+1uqHKo=",
        "path": "/nix/store/q2jrkx5a3z6yxzbfai0kxpnqki80jm3l-source",
        "type": "path"
      },
      "original": {
        "id": "nixpkgs",
        "type": "indirect"
      }
    },
    "root": {
      "inputs": {
        "flakeNimbleLib": "flakeNimbleLib",
        "nixpkgs": "nixpkgs",
        "src-nint128-main": "src-nint128-main"
      }
    },
    "src-nint128-main": {
      "flake": false,
      "locked": {
        "lastModified": 1646442566,
        "narHash": "sha256-3FKqMGnhXbvuYM+mlr+5aRaLW+v+OET4NXU31EXBfj8=",
        "owner": "rockcavera",
        "repo": "nim-nint128",
        "rev": "f88047b26121bd0ae5cda35cb266083e4b0f36e3",
        "type": "github"
      },
      "original": {
        "owner": "rockcavera",
        "ref": "refs/heads/main",
        "repo": "nim-nint128",
        "type": "github"
      }
    }
  },
  "root": "root",
  "version": 7
}
