{
  "nodes": {
    "flakeNimbleLib": {
      "inputs": {
        "nixpkgs": [
          "nixpkgs"
        ]
      },
      "locked": {
        "lastModified": 1648105061,
        "narHash": "sha256-Je25qNlH4xrH3+m6vIq6yPvdfQ80FRTwX4JOhrRLduc=",
        "owner": "riinr",
        "repo": "nim-flakes-lib",
        "rev": "f1ec5e2f15b9f717c33b6942ce7cb344ff868522",
        "type": "github"
      },
      "original": {
        "owner": "riinr",
        "ref": "master",
        "repo": "nim-flakes-lib",
        "type": "github"
      }
    },
    "github-yglukhov-threadpools": {
      "inputs": {
        "flakeNimbleLib": [
          "flakeNimbleLib"
        ],
        "nixpkgs": [
          "nixpkgs"
        ],
        "src-threadpools-master": "src-threadpools-master"
      },
      "locked": {
        "dir": "master",
        "lastModified": 1656297750,
        "narHash": "sha256-N6OTXmyLGy3Fe8jv7hXTpS5HqUlgZ+da94eYIGJWFkw=",
        "owner": "nim-nix-pkgs",
        "repo": "github-yglukhov-threadpools",
        "rev": "48156790daaa4be7f48221adc5b3b7a1ed5b8fbc",
        "type": "github"
      },
      "original": {
        "dir": "master",
        "owner": "nim-nix-pkgs",
        "ref": "master",
        "repo": "github-yglukhov-threadpools",
        "type": "github"
      }
    },
    "nixpkgs": {
      "locked": {
        "lastModified": 0,
        "narHash": "sha256-BBeCZwZImtjP3oYy4WogkQYy5OxNyfNciVSc1AfZgLQ=",
        "path": "/nix/store/z8fi1f38y14lmsyhnph1l98qr3r9x7wr-source",
        "type": "path"
      },
      "original": {
        "id": "nixpkgs",
        "type": "indirect"
      }
    },
    "root": {
      "inputs": {
        "flakeNimbleLib": "flakeNimbleLib",
        "github-yglukhov-threadpools": "github-yglukhov-threadpools",
        "nixpkgs": "nixpkgs",
        "src-polypbren-master": "src-polypbren-master"
      }
    },
    "src-polypbren-master": {
      "flake": false,
      "locked": {
        "lastModified": 1656660165,
        "narHash": "sha256-LPDTHoVEEGh4yYZshxrn0PY6DE777J6TRo3+Voob8T4=",
        "owner": "guibar64",
        "repo": "polypbren",
        "rev": "5b98684d21325580576bc7aa0cd0927bdaf37843",
        "type": "github"
      },
      "original": {
        "owner": "guibar64",
        "ref": "refs/heads/master",
        "repo": "polypbren",
        "type": "github"
      }
    },
    "src-threadpools-master": {
      "flake": false,
      "locked": {
        "lastModified": 1614105812,
        "narHash": "sha256-Z0u213HOgeZwwmroWfLjSbXclJe/z5WmmBW8VLDvleM=",
        "owner": "yglukhov",
        "repo": "threadpools",
        "rev": "9129bc71ae91128f3bdab16421acc14f3324793f",
        "type": "github"
      },
      "original": {
        "owner": "yglukhov",
        "ref": "refs/heads/master",
        "repo": "threadpools",
        "type": "github"
      }
    }
  },
  "root": "root",
  "version": 7
}
