{
  "nodes": {
    "flakeNimbleLib": {
      "inputs": {
        "nixpkgs": [
          "nixpkgs"
        ]
      },
      "locked": {
        "lastModified": 1648105061,
        "narHash": "sha256-Je25qNlH4xrH3+m6vIq6yPvdfQ80FRTwX4JOhrRLduc=",
        "owner": "riinr",
        "repo": "nim-flakes-lib",
        "rev": "f1ec5e2f15b9f717c33b6942ce7cb344ff868522",
        "type": "github"
      },
      "original": {
        "owner": "riinr",
        "ref": "master",
        "repo": "nim-flakes-lib",
        "type": "github"
      }
    },
    "nixpkgs": {
      "locked": {
        "lastModified": 0,
        "narHash": "sha256-19Ib1b7Ny+yGhnxwnH1KhhB2hvALuNuqevA6XzqkQmo=",
        "path": "/nix/store/5mdm97ryfgnsh02h7jiragdmcgh6vbvp-source",
        "type": "path"
      },
      "original": {
        "id": "nixpkgs",
        "type": "indirect"
      }
    },
    "prettyclr-main": {
      "inputs": {
        "flakeNimbleLib": [
          "flakeNimbleLib"
        ],
        "nixpkgs": [
          "nixpkgs"
        ],
        "src-prettyclr-main": "src-prettyclr-main"
      },
      "locked": {
        "dir": "main",
        "lastModified": 1661565626,
        "narHash": "sha256-Y5CW++Wk1aim71ulWOrDMFF3wYRzS5OKpXvtpVnc8p0=",
        "owner": "nim-nix-pkgs",
        "repo": "prettyclr",
        "rev": "ded47ee27f3e9f2787c81ca1f9a21341e5d25ec3",
        "type": "github"
      },
      "original": {
        "dir": "main",
        "owner": "nim-nix-pkgs",
        "ref": "master",
        "repo": "prettyclr",
        "type": "github"
      }
    },
    "root": {
      "inputs": {
        "flakeNimbleLib": "flakeNimbleLib",
        "nixpkgs": "nixpkgs",
        "prettyclr-main": "prettyclr-main"
      }
    },
    "src-prettyclr-main": {
      "flake": false,
      "locked": {
        "lastModified": 1651309364,
        "narHash": "sha256-DDUjgL2XWFkPHO/gSXGTRxhSIcaNx6/aHjC46xh0at0=",
        "owner": "prettybauble",
        "repo": "prettyclr",
        "rev": "4a991936a40a1c34bf226e5e900cb877f0a29378",
        "type": "github"
      },
      "original": {
        "owner": "prettybauble",
        "ref": "refs/heads/main",
        "repo": "prettyclr",
        "type": "github"
      }
    }
  },
  "root": "root",
  "version": 7
}
