{
  "nodes": {
    "flakeNimbleLib": {
      "inputs": {
        "nixpkgs": [
          "nixpkgs"
        ]
      },
      "locked": {
        "lastModified": 1648105061,
        "narHash": "sha256-Je25qNlH4xrH3+m6vIq6yPvdfQ80FRTwX4JOhrRLduc=",
        "owner": "riinr",
        "repo": "nim-flakes-lib",
        "rev": "f1ec5e2f15b9f717c33b6942ce7cb344ff868522",
        "type": "github"
      },
      "original": {
        "owner": "riinr",
        "ref": "master",
        "repo": "nim-flakes-lib",
        "type": "github"
      }
    },
    "grafanim-master": {
      "inputs": {
        "flakeNimbleLib": [
          "flakeNimbleLib"
        ],
        "nixpkgs": [
          "nixpkgs"
        ],
        "src-grafanim-master": "src-grafanim-master"
      },
      "locked": {
        "dir": "master",
        "lastModified": 1661579581,
        "narHash": "sha256-x8gOTRGnDKHXfZwAYo29GJNm1R+Eas7gSV0ZE+QHtxI=",
        "owner": "nim-nix-pkgs",
        "repo": "grafanim",
        "rev": "106786447f6a046a7c871c2415a1181b74470778",
        "type": "github"
      },
      "original": {
        "dir": "master",
        "owner": "nim-nix-pkgs",
        "ref": "master",
        "repo": "grafanim",
        "type": "github"
      }
    },
    "nixpkgs": {
      "locked": {
        "lastModified": 0,
        "narHash": "sha256-19Ib1b7Ny+yGhnxwnH1KhhB2hvALuNuqevA6XzqkQmo=",
        "path": "/nix/store/5mdm97ryfgnsh02h7jiragdmcgh6vbvp-source",
        "type": "path"
      },
      "original": {
        "id": "nixpkgs",
        "type": "indirect"
      }
    },
    "root": {
      "inputs": {
        "flakeNimbleLib": "flakeNimbleLib",
        "grafanim-master": "grafanim-master",
        "nixpkgs": "nixpkgs"
      }
    },
    "src-grafanim-master": {
      "flake": false,
      "locked": {
        "lastModified": 1517781090,
        "narHash": "sha256-J2262Ks46Yxd6A7N2N0vVusyCYEFWkE7S+Dlc2t1SIk=",
        "owner": "jamesalbert",
        "repo": "grafanim",
        "rev": "f9e75a9fa07330fea483f3acfb1051bd72aa22d1",
        "type": "github"
      },
      "original": {
        "owner": "jamesalbert",
        "ref": "refs/heads/master",
        "repo": "grafanim",
        "type": "github"
      }
    }
  },
  "root": "root",
  "version": 7
}
