{
  "nodes": {
    "flakeNimbleLib": {
      "inputs": {
        "nixpkgs": [
          "nixpkgs"
        ]
      },
      "locked": {
        "lastModified": 1648105061,
        "narHash": "sha256-Je25qNlH4xrH3+m6vIq6yPvdfQ80FRTwX4JOhrRLduc=",
        "owner": "riinr",
        "repo": "nim-flakes-lib",
        "rev": "f1ec5e2f15b9f717c33b6942ce7cb344ff868522",
        "type": "github"
      },
      "original": {
        "owner": "riinr",
        "ref": "master",
        "repo": "nim-flakes-lib",
        "type": "github"
      }
    },
    "nixpkgs": {
      "locked": {
        "lastModified": 0,
        "narHash": "sha256-JEYCjAFJQK0JGe2ApyGu/+doxzTraT+g1LP3npXnuBI=",
        "path": "/nix/store/9rrny83wyfn6vg2znk0mdndhp9dkw32w-source",
        "type": "path"
      },
      "original": {
        "id": "nixpkgs",
        "type": "indirect"
      }
    },
    "root": {
      "inputs": {
        "flakeNimbleLib": "flakeNimbleLib",
        "nixpkgs": "nixpkgs",
        "src-primme-master": "src-primme-master"
      }
    },
    "src-primme-master": {
      "flake": false,
      "locked": {
        "lastModified": 1542340780,
        "narHash": "sha256-czG/BZOBACwndFiomglT3dJB2Lbw6wZBxd7hRDd7wWo=",
        "owner": "jxy",
        "repo": "primme",
        "rev": "722c2543096e64fcf99ad05fe5b7a08ce3f6f65d",
        "type": "github"
      },
      "original": {
        "owner": "jxy",
        "ref": "refs/heads/master",
        "repo": "primme",
        "type": "github"
      }
    }
  },
  "root": "root",
  "version": 7
}
