{
  "nodes": {
    "flakeNimbleLib": {
      "inputs": {
        "nixpkgs": [
          "nixpkgs"
        ]
      },
      "locked": {
        "lastModified": 1648105061,
        "narHash": "sha256-Je25qNlH4xrH3+m6vIq6yPvdfQ80FRTwX4JOhrRLduc=",
        "owner": "riinr",
        "repo": "nim-flakes-lib",
        "rev": "f1ec5e2f15b9f717c33b6942ce7cb344ff868522",
        "type": "github"
      },
      "original": {
        "owner": "riinr",
        "ref": "master",
        "repo": "nim-flakes-lib",
        "type": "github"
      }
    },
    "nixpkgs": {
      "locked": {
        "narHash": "sha256-7sWpWRO0IsBP5jm9qCrpuzDkWC7UAghiCmZZ+1uqHKo=",
        "path": "/nix/store/q2jrkx5a3z6yxzbfai0kxpnqki80jm3l-source",
        "type": "path"
      },
      "original": {
        "id": "nixpkgs",
        "type": "indirect"
      }
    },
    "root": {
      "inputs": {
        "flakeNimbleLib": "flakeNimbleLib",
        "nixpkgs": "nixpkgs",
        "src-fwrite-master": "src-fwrite-master"
      }
    },
    "src-fwrite-master": {
      "flake": false,
      "locked": {
        "lastModified": 1570657291,
        "narHash": "sha256-mQZxvesPoNxbTdCDQxv5h+XVYFoNMRjtjRQaTAL7tqA=",
        "owner": "pdrb",
        "repo": "nim-fwrite",
        "rev": "7f4094130169232160720ac30c0d2d79ac3f4a14",
        "type": "github"
      },
      "original": {
        "owner": "pdrb",
        "ref": "refs/heads/master",
        "repo": "nim-fwrite",
        "type": "github"
      }
    }
  },
  "root": "root",
  "version": 7
}
