{
  "nodes": {
    "flakeNimbleLib": {
      "inputs": {
        "nixpkgs": [
          "nixpkgs"
        ]
      },
      "locked": {
        "lastModified": 1648105061,
        "narHash": "sha256-Je25qNlH4xrH3+m6vIq6yPvdfQ80FRTwX4JOhrRLduc=",
        "owner": "riinr",
        "repo": "nim-flakes-lib",
        "rev": "f1ec5e2f15b9f717c33b6942ce7cb344ff868522",
        "type": "github"
      },
      "original": {
        "owner": "riinr",
        "ref": "master",
        "repo": "nim-flakes-lib",
        "type": "github"
      }
    },
    "msgpack4nim-master": {
      "inputs": {
        "flakeNimbleLib": [
          "flakeNimbleLib"
        ],
        "nixpkgs": [
          "nixpkgs"
        ],
        "src-msgpack4nim-master": "src-msgpack4nim-master"
      },
      "locked": {
        "dir": "master",
        "lastModified": 1658201603,
        "narHash": "sha256-onS/C7S6jjpEfAxy5HjALuvfj4AQq5ULrTmuOmo7qjw=",
        "owner": "nim-nix-pkgs",
        "repo": "msgpack4nim",
        "rev": "1ae28c298158fb7d62e329b5681a71ef434d63ac",
        "type": "github"
      },
      "original": {
        "dir": "master",
        "owner": "nim-nix-pkgs",
        "ref": "master",
        "repo": "msgpack4nim",
        "type": "github"
      }
    },
    "msgpack4nim-v0_2_9": {
      "inputs": {
        "flakeNimbleLib": [
          "flakeNimbleLib"
        ],
        "nixpkgs": [
          "nixpkgs"
        ],
        "src-msgpack4nim-v0_2_9": "src-msgpack4nim-v0_2_9"
      },
      "locked": {
        "dir": "v0_2_9",
        "lastModified": 1658201603,
        "narHash": "sha256-onS/C7S6jjpEfAxy5HjALuvfj4AQq5ULrTmuOmo7qjw=",
        "owner": "nim-nix-pkgs",
        "repo": "msgpack4nim",
        "rev": "1ae28c298158fb7d62e329b5681a71ef434d63ac",
        "type": "github"
      },
      "original": {
        "dir": "v0_2_9",
        "owner": "nim-nix-pkgs",
        "ref": "master",
        "repo": "msgpack4nim",
        "type": "github"
      }
    },
    "msgpack4nim-v0_3_0": {
      "inputs": {
        "flakeNimbleLib": [
          "flakeNimbleLib"
        ],
        "nixpkgs": [
          "nixpkgs"
        ],
        "src-msgpack4nim-v0_3_0": "src-msgpack4nim-v0_3_0"
      },
      "locked": {
        "dir": "v0_3_0",
        "lastModified": 1658201603,
        "narHash": "sha256-onS/C7S6jjpEfAxy5HjALuvfj4AQq5ULrTmuOmo7qjw=",
        "owner": "nim-nix-pkgs",
        "repo": "msgpack4nim",
        "rev": "1ae28c298158fb7d62e329b5681a71ef434d63ac",
        "type": "github"
      },
      "original": {
        "dir": "v0_3_0",
        "owner": "nim-nix-pkgs",
        "ref": "master",
        "repo": "msgpack4nim",
        "type": "github"
      }
    },
    "msgpack4nim-v0_3_1": {
      "inputs": {
        "flakeNimbleLib": [
          "flakeNimbleLib"
        ],
        "nixpkgs": [
          "nixpkgs"
        ],
        "src-msgpack4nim-v0_3_1": "src-msgpack4nim-v0_3_1"
      },
      "locked": {
        "dir": "v0_3_1",
        "lastModified": 1658201603,
        "narHash": "sha256-onS/C7S6jjpEfAxy5HjALuvfj4AQq5ULrTmuOmo7qjw=",
        "owner": "nim-nix-pkgs",
        "repo": "msgpack4nim",
        "rev": "1ae28c298158fb7d62e329b5681a71ef434d63ac",
        "type": "github"
      },
      "original": {
        "dir": "v0_3_1",
        "owner": "nim-nix-pkgs",
        "ref": "master",
        "repo": "msgpack4nim",
        "type": "github"
      }
    },
    "nixpkgs": {
      "locked": {
        "lastModified": 0,
        "narHash": "sha256-BBeCZwZImtjP3oYy4WogkQYy5OxNyfNciVSc1AfZgLQ=",
        "path": "/nix/store/z8fi1f38y14lmsyhnph1l98qr3r9x7wr-source",
        "type": "path"
      },
      "original": {
        "id": "nixpkgs",
        "type": "indirect"
      }
    },
    "root": {
      "inputs": {
        "flakeNimbleLib": "flakeNimbleLib",
        "msgpack4nim-master": "msgpack4nim-master",
        "msgpack4nim-v0_2_9": "msgpack4nim-v0_2_9",
        "msgpack4nim-v0_3_0": "msgpack4nim-v0_3_0",
        "msgpack4nim-v0_3_1": "msgpack4nim-v0_3_1",
        "nixpkgs": "nixpkgs"
      }
    },
    "src-msgpack4nim-master": {
      "flake": false,
      "locked": {
        "lastModified": 1648965831,
        "narHash": "sha256-/PSEYEaLhs52CgC3g8wJYM9EoV++/xoRJoF7G2o94q8=",
        "owner": "jangko",
        "repo": "msgpack4nim",
        "rev": "90c6e7926ff9f77ea5121746cc429b718680fcc5",
        "type": "github"
      },
      "original": {
        "owner": "jangko",
        "ref": "refs/heads/master",
        "repo": "msgpack4nim",
        "type": "github"
      }
    },
    "src-msgpack4nim-v0_2_9": {
      "flake": false,
      "locked": {
        "lastModified": 1572437256,
        "narHash": "sha256-YZzDGgheKknyR80o6gUObQHhiUajQ9aeZouctnfi1V4=",
        "owner": "jangko",
        "repo": "msgpack4nim",
        "rev": "9c4bc6e66d5d193692be0e7c5605166dc61756dc",
        "type": "github"
      },
      "original": {
        "owner": "jangko",
        "ref": "refs/tags/v0.2.9",
        "repo": "msgpack4nim",
        "type": "github"
      }
    },
    "src-msgpack4nim-v0_3_0": {
      "flake": false,
      "locked": {
        "lastModified": 1574511134,
        "narHash": "sha256-SX3n1JDbJUZrL2bZx/3wetXZUBIPDsU1onfRtpuXT8Q=",
        "owner": "jangko",
        "repo": "msgpack4nim",
        "rev": "a16c0a6f45f470a1bd0b80df64b2bd4fb184adfb",
        "type": "github"
      },
      "original": {
        "owner": "jangko",
        "ref": "refs/tags/v0.3.0",
        "repo": "msgpack4nim",
        "type": "github"
      }
    },
    "src-msgpack4nim-v0_3_1": {
      "flake": false,
      "locked": {
        "lastModified": 1578112201,
        "narHash": "sha256-3f7DhmVEgOu4JmwDO20gmzM+ynVOPP0oCnsSGGNPAtE=",
        "owner": "jangko",
        "repo": "msgpack4nim",
        "rev": "472152dd56a8b282535647caeba4643f3c4992f8",
        "type": "github"
      },
      "original": {
        "owner": "jangko",
        "ref": "refs/tags/v0.3.1",
        "repo": "msgpack4nim",
        "type": "github"
      }
    }
  },
  "root": "root",
  "version": 7
}
