{
  "nodes": {
    "flakeNimbleLib": {
      "inputs": {
        "nixpkgs": [
          "nixpkgs"
        ]
      },
      "locked": {
        "lastModified": 1646963262,
        "narHash": "sha256-GadfGpoFzLnY7jcWeEUGEYDRfLv95PU4vgenuBNkrS0=",
        "owner": "riinr",
        "repo": "nim-flakes-lib",
        "rev": "6d8baf110b919a12af99ad43cb4c5062b32f58a0",
        "type": "github"
      },
      "original": {
        "owner": "riinr",
        "ref": "master",
        "repo": "nim-flakes-lib",
        "type": "github"
      }
    },
    "nixpkgs": {
      "locked": {
        "narHash": "sha256-7sWpWRO0IsBP5jm9qCrpuzDkWC7UAghiCmZZ+1uqHKo=",
        "path": "/nix/store/q2jrkx5a3z6yxzbfai0kxpnqki80jm3l-source",
        "type": "path"
      },
      "original": {
        "id": "nixpkgs",
        "type": "indirect"
      }
    },
    "root": {
      "inputs": {
        "flakeNimbleLib": "flakeNimbleLib",
        "nixpkgs": "nixpkgs",
        "src-nimrod-glfw-master": "src-nimrod-glfw-master"
      }
    },
    "src-nimrod-glfw-master": {
      "flake": false,
      "locked": {
        "lastModified": 1537583156,
        "narHash": "sha256-eNEpOyUtP70fBeXyi1IswVbU9oq+wi2ruoktftv1rG4=",
        "owner": "rafaelvasco",
        "repo": "nimrod-glfw",
        "rev": "b5d128f3620a9f535ba30330ac8616719bbe10e7",
        "type": "github"
      },
      "original": {
        "owner": "rafaelvasco",
        "ref": "refs/heads/master",
        "repo": "nimrod-glfw",
        "type": "github"
      }
    }
  },
  "root": "root",
  "version": 7
}
