{
  "nodes": {
    "flakeNimbleLib": {
      "inputs": {
        "nixpkgs": [
          "nixpkgs"
        ]
      },
      "locked": {
        "lastModified": 1662018438,
        "narHash": "sha256-QtNtU6+LX3Wokxf0zlFwKTFOcn6TeDjKQZ+DA9OYtvM=",
        "owner": "riinr",
        "repo": "nim-flakes-lib",
        "rev": "b1fe8340736e3a85d25c709ac3dfd82a55c03cbf",
        "type": "github"
      },
      "original": {
        "owner": "riinr",
        "ref": "master",
        "repo": "nim-flakes-lib",
        "type": "github"
      }
    },
    "nixpkgs": {
      "locked": {
        "lastModified": 1662096612,
        "narHash": "sha256-R+Q8l5JuyJryRPdiIaYpO5O3A55rT+/pItBrKcy7LM4=",
        "owner": "NixOS",
        "repo": "nixpkgs",
        "rev": "21de2b973f9fee595a7a1ac4693efff791245c34",
        "type": "github"
      },
      "original": {
        "id": "nixpkgs",
        "type": "indirect"
      }
    },
    "root": {
      "inputs": {
        "flakeNimbleLib": "flakeNimbleLib",
        "nixpkgs": "nixpkgs",
        "torim-master": "torim-master"
      }
    },
    "src-torim-master": {
      "flake": false,
      "locked": {
        "lastModified": 1602461687,
        "narHash": "sha256-41hWZReC/lp9wERZWJf/ONABjOBINeBzh3jXeJUOxE8=",
        "owner": "KittyTechnoProgrammer",
        "repo": "torim",
        "rev": "be96022a180c838a6d666af185d9753550f24b56",
        "type": "github"
      },
      "original": {
        "owner": "KittyTechnoProgrammer",
        "ref": "refs/heads/master",
        "repo": "torim",
        "type": "github"
      }
    },
    "torim-master": {
      "inputs": {
        "flakeNimbleLib": [
          "flakeNimbleLib"
        ],
        "nixpkgs": [
          "nixpkgs"
        ],
        "src-torim-master": "src-torim-master"
      },
      "locked": {
        "dir": "master",
        "lastModified": 1662243529,
        "narHash": "sha256-/FiF5dEZ916jzqe/HjhnfAIna85dlHF0zTgmC/BvSzo=",
        "owner": "nim-nix-pkgs",
        "repo": "torim",
        "rev": "f166de5f40c1f42157ffc1e40cca8aa854728d61",
        "type": "github"
      },
      "original": {
        "dir": "master",
        "owner": "nim-nix-pkgs",
        "ref": "master",
        "repo": "torim",
        "type": "github"
      }
    }
  },
  "root": "root",
  "version": 7
}
