{
  "nodes": {
    "nimrevs": {
      "locked": {
        "lastModified": 1,
        "narHash": "sha256-ba+mGVxcmvOdoZrLASic4iC3FB1QDHf9NrQ/7dHcPHY=",
        "path": "/nix/store/gpc8d9k54gw10jhif66qkidwlan2q8mh-source/pkgsRev",
        "type": "path"
      },
      "original": {
        "path": "/nix/store/gpc8d9k54gw10jhif66qkidwlan2q8mh-source/pkgsRev",
        "type": "path"
      }
    },
    "nixpkgs2205": {
      "locked": {
        "lastModified": 1653936696,
        "narHash": "sha256-M6bJShji9AIDZ7Kh7CPwPBPb/T7RiVev2PAcOi4fxDQ=",
        "owner": "NixOS",
        "repo": "nixpkgs",
        "rev": "ce6aa13369b667ac2542593170993504932eb836",
        "type": "github"
      },
      "original": {
        "owner": "NixOS",
        "ref": "22.05",
        "repo": "nixpkgs",
        "type": "github"
      }
    },
    "root": {
      "inputs": {
        "nimrevs": "nimrevs",
        "nixpkgs2205": "nixpkgs2205"
      }
    }
  },
  "root": "root",
  "version": 7
}
