{
  "nodes": {
    "flakeNimbleLib": {
      "inputs": {
        "nixpkgs": [
          "nixpkgs"
        ]
      },
      "locked": {
        "lastModified": 1648105061,
        "narHash": "sha256-Je25qNlH4xrH3+m6vIq6yPvdfQ80FRTwX4JOhrRLduc=",
        "owner": "riinr",
        "repo": "nim-flakes-lib",
        "rev": "f1ec5e2f15b9f717c33b6942ce7cb344ff868522",
        "type": "github"
      },
      "original": {
        "owner": "riinr",
        "ref": "master",
        "repo": "nim-flakes-lib",
        "type": "github"
      }
    },
    "nixpkgs": {
      "locked": {
        "lastModified": 0,
        "narHash": "sha256-JEYCjAFJQK0JGe2ApyGu/+doxzTraT+g1LP3npXnuBI=",
        "path": "/nix/store/9rrny83wyfn6vg2znk0mdndhp9dkw32w-source",
        "type": "path"
      },
      "original": {
        "id": "nixpkgs",
        "type": "indirect"
      }
    },
    "root": {
      "inputs": {
        "flakeNimbleLib": "flakeNimbleLib",
        "nixpkgs": "nixpkgs",
        "shared-master": "shared-master"
      }
    },
    "shared-master": {
      "inputs": {
        "flakeNimbleLib": [
          "flakeNimbleLib"
        ],
        "nixpkgs": [
          "nixpkgs"
        ],
        "src-shared-master": "src-shared-master"
      },
      "locked": {
        "dir": "master",
        "lastModified": 1659724563,
        "narHash": "sha256-ztIeWidwzYSl/836/iDrVltybswE8Hni9VAvpRkgTrE=",
        "owner": "nim-nix-pkgs",
        "repo": "shared",
        "rev": "f8fc33740bc1cbf09bb052b65885668ab46df82a",
        "type": "github"
      },
      "original": {
        "dir": "master",
        "owner": "nim-nix-pkgs",
        "ref": "master",
        "repo": "shared",
        "type": "github"
      }
    },
    "src-shared-master": {
      "flake": false,
      "locked": {
        "lastModified": 1564597959,
        "narHash": "sha256-dTgBv5J+ueJeZs/cNdUgPdWRArA0iCykoOAjrOqdFU8=",
        "owner": "genotrance",
        "repo": "shared",
        "rev": "dee3eff487c4af3c8f9e71ca8ddbb90a9e36da14",
        "type": "github"
      },
      "original": {
        "owner": "genotrance",
        "ref": "refs/heads/master",
        "repo": "shared",
        "type": "github"
      }
    }
  },
  "root": "root",
  "version": 7
}
