{
  "nodes": {
    "flakeNimbleLib": {
      "inputs": {
        "nixpkgs": [
          "nixpkgs"
        ]
      },
      "locked": {
        "lastModified": 1662018438,
        "narHash": "sha256-QtNtU6+LX3Wokxf0zlFwKTFOcn6TeDjKQZ+DA9OYtvM=",
        "owner": "riinr",
        "repo": "nim-flakes-lib",
        "rev": "b1fe8340736e3a85d25c709ac3dfd82a55c03cbf",
        "type": "github"
      },
      "original": {
        "owner": "riinr",
        "ref": "master",
        "repo": "nim-flakes-lib",
        "type": "github"
      }
    },
    "nixpkgs": {
      "locked": {
        "lastModified": 1662096612,
        "narHash": "sha256-R+Q8l5JuyJryRPdiIaYpO5O3A55rT+/pItBrKcy7LM4=",
        "owner": "NixOS",
        "repo": "nixpkgs",
        "rev": "21de2b973f9fee595a7a1ac4693efff791245c34",
        "type": "github"
      },
      "original": {
        "id": "nixpkgs",
        "type": "indirect"
      }
    },
    "root": {
      "inputs": {
        "flakeNimbleLib": "flakeNimbleLib",
        "nixpkgs": "nixpkgs",
        "vidhdr-master": "vidhdr-master"
      }
    },
    "src-vidhdr-master": {
      "flake": false,
      "locked": {
        "lastModified": 1472438640,
        "narHash": "sha256-aE+kPVsLtdvypIE2U0GHVjVt7IpW7EL5EnW4nepEsM0=",
        "owner": "achesak",
        "repo": "nim-vidhdr",
        "rev": "70df286ee0a4132777be339c315512235a5f3c06",
        "type": "github"
      },
      "original": {
        "owner": "achesak",
        "ref": "refs/heads/master",
        "repo": "nim-vidhdr",
        "type": "github"
      }
    },
    "vidhdr-master": {
      "inputs": {
        "flakeNimbleLib": [
          "flakeNimbleLib"
        ],
        "nixpkgs": [
          "nixpkgs"
        ],
        "src-vidhdr-master": "src-vidhdr-master"
      },
      "locked": {
        "dir": "master",
        "lastModified": 1662245657,
        "narHash": "sha256-SZMfTkXlUdOdjJJeDO/vcghl02SQEDMPpP6AXeH8+zc=",
        "owner": "nim-nix-pkgs",
        "repo": "vidhdr",
        "rev": "bf6db44dc7c63f810ab778b43b49d2b3f65f8393",
        "type": "github"
      },
      "original": {
        "dir": "master",
        "owner": "nim-nix-pkgs",
        "ref": "master",
        "repo": "vidhdr",
        "type": "github"
      }
    }
  },
  "root": "root",
  "version": 7
}
