{
  "nodes": {
    "flakeNimbleLib": {
      "inputs": {
        "nixpkgs": [
          "nixpkgs"
        ]
      },
      "locked": {
        "lastModified": 1648105061,
        "narHash": "sha256-Je25qNlH4xrH3+m6vIq6yPvdfQ80FRTwX4JOhrRLduc=",
        "owner": "riinr",
        "repo": "nim-flakes-lib",
        "rev": "f1ec5e2f15b9f717c33b6942ce7cb344ff868522",
        "type": "github"
      },
      "original": {
        "owner": "riinr",
        "ref": "master",
        "repo": "nim-flakes-lib",
        "type": "github"
      }
    },
    "nixpkgs": {
      "locked": {
        "lastModified": 0,
        "narHash": "sha256-JEYCjAFJQK0JGe2ApyGu/+doxzTraT+g1LP3npXnuBI=",
        "path": "/nix/store/9rrny83wyfn6vg2znk0mdndhp9dkw32w-source",
        "type": "path"
      },
      "original": {
        "id": "nixpkgs",
        "type": "indirect"
      }
    },
    "root": {
      "inputs": {
        "flakeNimbleLib": "flakeNimbleLib",
        "nixpkgs": "nixpkgs",
        "vidhdr-master": "vidhdr-master"
      }
    },
    "src-vidhdr-master": {
      "flake": false,
      "locked": {
        "lastModified": 1472438640,
        "narHash": "sha256-aE+kPVsLtdvypIE2U0GHVjVt7IpW7EL5EnW4nepEsM0=",
        "owner": "achesak",
        "repo": "nim-vidhdr",
        "rev": "70df286ee0a4132777be339c315512235a5f3c06",
        "type": "github"
      },
      "original": {
        "owner": "achesak",
        "ref": "refs/heads/master",
        "repo": "nim-vidhdr",
        "type": "github"
      }
    },
    "vidhdr-master": {
      "inputs": {
        "flakeNimbleLib": [
          "flakeNimbleLib"
        ],
        "nixpkgs": [
          "nixpkgs"
        ],
        "src-vidhdr-master": "src-vidhdr-master"
      },
      "locked": {
        "dir": "master",
        "lastModified": 1659724695,
        "narHash": "sha256-gAOMTDxPdoDY8oFtBG3N+6JWSTgeRLaRTIk4W0QULc4=",
        "owner": "nim-nix-pkgs",
        "repo": "vidhdr",
        "rev": "a2d36cbba9b4aea10084ceead2502ff0c8b7c2ac",
        "type": "github"
      },
      "original": {
        "dir": "master",
        "owner": "nim-nix-pkgs",
        "ref": "master",
        "repo": "vidhdr",
        "type": "github"
      }
    }
  },
  "root": "root",
  "version": 7
}
