{
  "nodes": {
    "einheit": {
      "inputs": {
        "flakeNimbleLib": [
          "flakeNimbleLib"
        ],
        "nixpkgs": [
          "nixpkgs"
        ],
        "src-einheit-master": "src-einheit-master"
      },
      "locked": {
        "dir": "master",
        "lastModified": 1658609395,
        "narHash": "sha256-tPggUxqXWKqctWqaiqficAm9KLQfbV6kFFS1uWtyAtk=",
        "owner": "nim-nix-pkgs",
        "repo": "einheit",
        "rev": "2033c7d6da221fa8b97352163e934cce59be5dee",
        "type": "github"
      },
      "original": {
        "dir": "master",
        "owner": "nim-nix-pkgs",
        "ref": "master",
        "repo": "einheit",
        "type": "github"
      }
    },
    "flakeNimbleLib": {
      "inputs": {
        "nixpkgs": [
          "nixpkgs"
        ]
      },
      "locked": {
        "lastModified": 1648105061,
        "narHash": "sha256-Je25qNlH4xrH3+m6vIq6yPvdfQ80FRTwX4JOhrRLduc=",
        "owner": "riinr",
        "repo": "nim-flakes-lib",
        "rev": "f1ec5e2f15b9f717c33b6942ce7cb344ff868522",
        "type": "github"
      },
      "original": {
        "owner": "riinr",
        "ref": "master",
        "repo": "nim-flakes-lib",
        "type": "github"
      }
    },
    "nixpkgs": {
      "locked": {
        "lastModified": 0,
        "narHash": "sha256-BBeCZwZImtjP3oYy4WogkQYy5OxNyfNciVSc1AfZgLQ=",
        "path": "/nix/store/z8fi1f38y14lmsyhnph1l98qr3r9x7wr-source",
        "type": "path"
      },
      "original": {
        "id": "nixpkgs",
        "type": "indirect"
      }
    },
    "root": {
      "inputs": {
        "einheit": "einheit",
        "flakeNimbleLib": "flakeNimbleLib",
        "nixpkgs": "nixpkgs",
        "src-subfield-master": "src-subfield-master"
      }
    },
    "src-einheit-master": {
      "flake": false,
      "locked": {
        "lastModified": 1572967045,
        "narHash": "sha256-hMKuhUMKOxVdSiVuKxPvp8X13mnTVjf/Ba2fZC4p7u4=",
        "owner": "jyapayne",
        "repo": "einheit",
        "rev": "4480724889f86c7be31b76e2de9f7f50c0b89332",
        "type": "github"
      },
      "original": {
        "owner": "jyapayne",
        "ref": "refs/heads/master",
        "repo": "einheit",
        "type": "github"
      }
    },
    "src-subfield-master": {
      "flake": false,
      "locked": {
        "lastModified": 1466525235,
        "narHash": "sha256-npCVYzfiuHrQnqPtclAgSeGufTu6DqqTsb0ZIHmrsAM=",
        "owner": "jyapayne",
        "repo": "subfield",
        "rev": "09c635039dfdcd87977e9691379ac4e70f4bbf80",
        "type": "github"
      },
      "original": {
        "owner": "jyapayne",
        "ref": "refs/heads/master",
        "repo": "subfield",
        "type": "github"
      }
    }
  },
  "root": "root",
  "version": 7
}
