{
  "nodes": {
    "flakeNimbleLib": {
      "inputs": {
        "nixpkgs": [
          "nixpkgs"
        ]
      },
      "locked": {
        "lastModified": 1648105061,
        "narHash": "sha256-Je25qNlH4xrH3+m6vIq6yPvdfQ80FRTwX4JOhrRLduc=",
        "owner": "riinr",
        "repo": "nim-flakes-lib",
        "rev": "f1ec5e2f15b9f717c33b6942ce7cb344ff868522",
        "type": "github"
      },
      "original": {
        "owner": "riinr",
        "ref": "master",
        "repo": "nim-flakes-lib",
        "type": "github"
      }
    },
    "nixpkgs": {
      "locked": {
        "lastModified": 0,
        "narHash": "sha256-JEYCjAFJQK0JGe2ApyGu/+doxzTraT+g1LP3npXnuBI=",
        "path": "/nix/store/9rrny83wyfn6vg2znk0mdndhp9dkw32w-source",
        "type": "path"
      },
      "original": {
        "id": "nixpkgs",
        "type": "indirect"
      }
    },
    "root": {
      "inputs": {
        "flakeNimbleLib": "flakeNimbleLib",
        "nixpkgs": "nixpkgs",
        "src-geminim-master": "src-geminim-master"
      }
    },
    "src-geminim-master": {
      "flake": false,
      "locked": {
        "lastModified": 1655111002,
        "narHash": "sha256-91Xzj1ydIlOmlvwAnn/RTPI58Ycm6+0L0lAg0ZA1Y5w=",
        "owner": "IDF31",
        "repo": "geminim",
        "rev": "053883efc9d432b65ba25e7db570487795ef4bb6",
        "type": "github"
      },
      "original": {
        "owner": "IDF31",
        "ref": "refs/heads/master",
        "repo": "geminim",
        "type": "github"
      }
    }
  },
  "root": "root",
  "version": 7
}
