{
  "nodes": {
    "flakeNimbleLib": {
      "inputs": {
        "nixpkgs": [
          "nixpkgs"
        ]
      },
      "locked": {
        "lastModified": 1646951481,
        "narHash": "sha256-4VGYa4pXYAifOpqbpoPK/8N24NrHW5lOtbFtQKVVD4Q=",
        "owner": "riinr",
        "repo": "nim-flakes-lib",
        "rev": "cf04421285d70d881baf8e3cbfac1f3afa32e19e",
        "type": "github"
      },
      "original": {
        "owner": "riinr",
        "ref": "master",
        "repo": "nim-flakes-lib",
        "type": "github"
      }
    },
    "nixpkgs": {
      "locked": {
        "narHash": "sha256-7sWpWRO0IsBP5jm9qCrpuzDkWC7UAghiCmZZ+1uqHKo=",
        "path": "/nix/store/q2jrkx5a3z6yxzbfai0kxpnqki80jm3l-source",
        "type": "path"
      },
      "original": {
        "id": "nixpkgs",
        "type": "indirect"
      }
    },
    "root": {
      "inputs": {
        "flakeNimbleLib": "flakeNimbleLib",
        "nixpkgs": "nixpkgs",
        "src-rapid-master": "src-rapid-master"
      }
    },
    "src-rapid-master": {
      "flake": false,
      "locked": {
        "lastModified": 1623498594,
        "narHash": "sha256-dy7auKgJHeHAhxfxDdoV4gzup12Ci8kbHdxKbNmdfNc=",
        "owner": "liquid600pgm",
        "repo": "rapid",
        "rev": "a50704e542987dc9cb9456e481f8f631e885c56a",
        "type": "github"
      },
      "original": {
        "owner": "liquid600pgm",
        "ref": "refs/heads/master",
        "repo": "rapid",
        "type": "github"
      }
    }
  },
  "root": "root",
  "version": 7
}
