{
  "nodes": {
    "flakeNimbleLib": {
      "inputs": {
        "nixpkgs": [
          "nixpkgs"
        ]
      },
      "locked": {
        "lastModified": 1648105061,
        "narHash": "sha256-Je25qNlH4xrH3+m6vIq6yPvdfQ80FRTwX4JOhrRLduc=",
        "owner": "riinr",
        "repo": "nim-flakes-lib",
        "rev": "f1ec5e2f15b9f717c33b6942ce7cb344ff868522",
        "type": "github"
      },
      "original": {
        "owner": "riinr",
        "ref": "master",
        "repo": "nim-flakes-lib",
        "type": "github"
      }
    },
    "mutableseqs": {
      "inputs": {
        "flakeNimbleLib": [
          "flakeNimbleLib"
        ],
        "nixpkgs": [
          "nixpkgs"
        ],
        "src-mutableseqs-master": "src-mutableseqs-master"
      },
      "locked": {
        "dir": "master",
        "lastModified": 1660263228,
        "narHash": "sha256-unhoyShT5mD09tLc1jjxM2bxTOmbsIOyiFqCy2S6Ryg=",
        "owner": "nim-nix-pkgs",
        "repo": "mutableseqs",
        "rev": "a8e854d63fdcf763eb2b8ab7046bc2c27b5217f5",
        "type": "github"
      },
      "original": {
        "dir": "master",
        "owner": "nim-nix-pkgs",
        "ref": "master",
        "repo": "mutableseqs",
        "type": "github"
      }
    },
    "nixpkgs": {
      "locked": {
        "lastModified": 0,
        "narHash": "sha256-JEYCjAFJQK0JGe2ApyGu/+doxzTraT+g1LP3npXnuBI=",
        "path": "/nix/store/9rrny83wyfn6vg2znk0mdndhp9dkw32w-source",
        "type": "path"
      },
      "original": {
        "id": "nixpkgs",
        "type": "indirect"
      }
    },
    "root": {
      "inputs": {
        "flakeNimbleLib": "flakeNimbleLib",
        "mutableseqs": "mutableseqs",
        "nixpkgs": "nixpkgs",
        "src-porter-master": "src-porter-master"
      }
    },
    "src-mutableseqs-master": {
      "flake": false,
      "locked": {
        "lastModified": 1489082129,
        "narHash": "sha256-+6QKH3o6oQ3sfZmmZ6sTPg7Wqj6Hsg7FwD00JZkQujA=",
        "owner": "iourinski",
        "repo": "mutableseqs",
        "rev": "75bd0a6e5db62ceb0e632ac8ce92ca85dfbf4db4",
        "type": "github"
      },
      "original": {
        "owner": "iourinski",
        "ref": "refs/heads/master",
        "repo": "mutableseqs",
        "type": "github"
      }
    },
    "src-porter-master": {
      "flake": false,
      "locked": {
        "lastModified": 1484918686,
        "narHash": "sha256-PH8chXmJ9tSGPhdmiZND1tp+Q75O/GoRqde3o8bIcaY=",
        "owner": "iourinski",
        "repo": "porter",
        "rev": "891db099c1be02f3cd2e5cfd58f2cb6cfe76e2c9",
        "type": "github"
      },
      "original": {
        "owner": "iourinski",
        "ref": "refs/heads/master",
        "repo": "porter",
        "type": "github"
      }
    }
  },
  "root": "root",
  "version": 7
}
