{
  "version": 1,
  "packages": {
    "ansiparse": {
      "version": "0.2.0",
      "vcsRevision": "8bddf513441ecf454026038c5b2ae1f42732c6d5",
      "url": "https://github.com/PMunch/ansiparse",
      "downloadMethod": "git",
      "dependencies": [],
      "checksums": {
        "sha1": "cd60183d257a205bff143303b314effaca07e652"
      }
    }
  }
}