{
  "nodes": {
    "bitset-main": {
      "inputs": {
        "flakeNimbleLib": [
          "flakeNimbleLib"
        ],
        "nixpkgs": [
          "nixpkgs"
        ],
        "src-bitset-main": "src-bitset-main"
      },
      "locked": {
        "dir": "main",
        "lastModified": 1662245199,
        "narHash": "sha256-ofNRecggXJWkmsZZBGYS+N+qXCr4NG8vOfYBLhcwEqs=",
        "owner": "nim-nix-pkgs",
        "repo": "bitset",
        "rev": "d8f5a07f6c71d4c93eaff4a8ec00c5d46970f652",
        "type": "github"
      },
      "original": {
        "dir": "main",
        "owner": "nim-nix-pkgs",
        "ref": "master",
        "repo": "bitset",
        "type": "github"
      }
    },
    "flakeNimbleLib": {
      "inputs": {
        "nixpkgs": [
          "nixpkgs"
        ]
      },
      "locked": {
        "lastModified": 1662018438,
        "narHash": "sha256-QtNtU6+LX3Wokxf0zlFwKTFOcn6TeDjKQZ+DA9OYtvM=",
        "owner": "riinr",
        "repo": "nim-flakes-lib",
        "rev": "b1fe8340736e3a85d25c709ac3dfd82a55c03cbf",
        "type": "github"
      },
      "original": {
        "owner": "riinr",
        "ref": "master",
        "repo": "nim-flakes-lib",
        "type": "github"
      }
    },
    "nixpkgs": {
      "locked": {
        "lastModified": 1662096612,
        "narHash": "sha256-R+Q8l5JuyJryRPdiIaYpO5O3A55rT+/pItBrKcy7LM4=",
        "owner": "NixOS",
        "repo": "nixpkgs",
        "rev": "21de2b973f9fee595a7a1ac4693efff791245c34",
        "type": "github"
      },
      "original": {
        "id": "nixpkgs",
        "type": "indirect"
      }
    },
    "root": {
      "inputs": {
        "bitset-main": "bitset-main",
        "flakeNimbleLib": "flakeNimbleLib",
        "nixpkgs": "nixpkgs"
      }
    },
    "src-bitset-main": {
      "flake": false,
      "locked": {
        "lastModified": 1604947330,
        "narHash": "sha256-s8st9JN+r8sJG3LN4rlDxRVs+8B4N2Twlic1FyguUSc=",
        "owner": "joryschossau",
        "repo": "bitset",
        "rev": "637612d288d4320495cfa0c3b1b47a6b0fcca674",
        "type": "github"
      },
      "original": {
        "owner": "joryschossau",
        "ref": "refs/heads/main",
        "repo": "bitset",
        "type": "github"
      }
    }
  },
  "root": "root",
  "version": 7
}
