{
  "version": 1,
  "packages": {
    "grok": {
      "version": "0.6.3",
      "vcsRevision": "20ded552bba7b835b00571c9aa33f4f82067d4f0",
      "url": "https://github.com/disruptek/grok",
      "downloadMethod": "git",
      "dependencies": [],
      "checksums": {
        "sha1": "8ef6ba7df78cba000d5c0fdb99871bbecbbecd12"
      }
    },
    "bytes2human": {
      "version": "0.2.2",
      "vcsRevision": "ec2c1a758cabdd4751a06c8ebf2b923f19e32731",
      "url": "https://github.com/juancarlospaco/nim-bytes2human",
      "downloadMethod": "git",
      "dependencies": [],
      "checksums": {
        "sha1": "b265601909e96b064b85a80c5bfd49eb470b7ac1"
      }
    },
    "testes": {
      "version": "0.10.0",
      "vcsRevision": "1063bab75e9951bba8e2123ba069eaf852519ef0",
      "url": "https://github.com/disruptek/testes",
      "downloadMethod": "git",
      "dependencies": [
        "grok",
        "bytes2human"
      ],
      "checksums": {
        "sha1": "12014578f83bca6478798d9da4e160adadf3ca09"
      }
    }
  }
}