{
  "nodes": {
    "flakeNimbleLib": {
      "inputs": {
        "nixpkgs": [
          "nixpkgs"
        ]
      },
      "locked": {
        "lastModified": 1648105061,
        "narHash": "sha256-Je25qNlH4xrH3+m6vIq6yPvdfQ80FRTwX4JOhrRLduc=",
        "owner": "riinr",
        "repo": "nim-flakes-lib",
        "rev": "f1ec5e2f15b9f717c33b6942ce7cb344ff868522",
        "type": "github"
      },
      "original": {
        "owner": "riinr",
        "ref": "master",
        "repo": "nim-flakes-lib",
        "type": "github"
      }
    },
    "nigui": {
      "inputs": {
        "flakeNimbleLib": [
          "flakeNimbleLib"
        ],
        "nixpkgs": [
          "nixpkgs"
        ],
        "src-nigui-v0_2_5": "src-nigui-v0_2_5"
      },
      "locked": {
        "dir": "v0_2_5",
        "lastModified": 1660263245,
        "narHash": "sha256-XHQAgsMz5Gz/4wJwXv1mpcInUNuPJV2DZj7tfJ1SzDw=",
        "owner": "nim-nix-pkgs",
        "repo": "nigui",
        "rev": "253eecad1a88428e143922bf952f19232fdd14cd",
        "type": "github"
      },
      "original": {
        "dir": "v0_2_5",
        "owner": "nim-nix-pkgs",
        "ref": "master",
        "repo": "nigui",
        "type": "github"
      }
    },
    "nixpkgs": {
      "locked": {
        "lastModified": 0,
        "narHash": "sha256-JEYCjAFJQK0JGe2ApyGu/+doxzTraT+g1LP3npXnuBI=",
        "path": "/nix/store/9rrny83wyfn6vg2znk0mdndhp9dkw32w-source",
        "type": "path"
      },
      "original": {
        "id": "nixpkgs",
        "type": "indirect"
      }
    },
    "root": {
      "inputs": {
        "flakeNimbleLib": "flakeNimbleLib",
        "nigui": "nigui",
        "nixpkgs": "nixpkgs",
        "src-uspokoysa-main": "src-uspokoysa-main"
      }
    },
    "src-nigui-v0_2_5": {
      "flake": false,
      "locked": {
        "lastModified": 1611959604,
        "narHash": "sha256-GqFHHEVIfF8t7I3v4lN2YOqSwvgFYCjyfq2/E2hHKRM=",
        "owner": "trustable-code",
        "repo": "NiGui",
        "rev": "3150d8ea213cdae3865980c3dc30f3c3ffb820ca",
        "type": "github"
      },
      "original": {
        "owner": "trustable-code",
        "ref": "refs/tags/v0.2.5",
        "repo": "NiGui",
        "type": "github"
      }
    },
    "src-uspokoysa-main": {
      "flake": false,
      "locked": {
        "lastModified": 1651855066,
        "narHash": "sha256-rjtVnawV6RGi+iTSRzXsp5dFuWFQ0kRLw/qY9uHowno=",
        "owner": "ioplker",
        "repo": "uspokoysa",
        "rev": "57be76666f4e40b98e0d29d6dc3eef9989063d3c",
        "type": "github"
      },
      "original": {
        "owner": "ioplker",
        "ref": "refs/heads/main",
        "repo": "uspokoysa",
        "type": "github"
      }
    }
  },
  "root": "root",
  "version": 7
}
