{
  "nodes": {
    "flakeNimbleLib": {
      "inputs": {
        "nixpkgs": [
          "nixpkgs"
        ]
      },
      "locked": {
        "lastModified": 1662018438,
        "narHash": "sha256-QtNtU6+LX3Wokxf0zlFwKTFOcn6TeDjKQZ+DA9OYtvM=",
        "owner": "riinr",
        "repo": "nim-flakes-lib",
        "rev": "b1fe8340736e3a85d25c709ac3dfd82a55c03cbf",
        "type": "github"
      },
      "original": {
        "owner": "riinr",
        "ref": "master",
        "repo": "nim-flakes-lib",
        "type": "github"
      }
    },
    "nixpkgs": {
      "locked": {
        "lastModified": 1662096612,
        "narHash": "sha256-R+Q8l5JuyJryRPdiIaYpO5O3A55rT+/pItBrKcy7LM4=",
        "owner": "NixOS",
        "repo": "nixpkgs",
        "rev": "21de2b973f9fee595a7a1ac4693efff791245c34",
        "type": "github"
      },
      "original": {
        "id": "nixpkgs",
        "type": "indirect"
      }
    },
    "root": {
      "inputs": {
        "flakeNimbleLib": "flakeNimbleLib",
        "nixpkgs": "nixpkgs",
        "src-llvm-master": "src-llvm-master"
      }
    },
    "src-llvm-master": {
      "flake": false,
      "locked": {
        "lastModified": 1437499963,
        "narHash": "sha256-SyHq34wz5FDXHu1zy6iMN8D5NwzYlqLIC/jBhNNcSt0=",
        "owner": "FedeOmoto",
        "repo": "llvm",
        "rev": "389448012ebf1b8a577c56247a85580e879a3709",
        "type": "github"
      },
      "original": {
        "owner": "FedeOmoto",
        "ref": "refs/heads/master",
        "repo": "llvm",
        "type": "github"
      }
    }
  },
  "root": "root",
  "version": 7
}
