{
  "nodes": {
    "flakeNimbleLib": {
      "inputs": {
        "nixpkgs": [
          "nixpkgs"
        ]
      },
      "locked": {
        "lastModified": 1646967037,
        "narHash": "sha256-BoEqkGzLVnFICrF15wczZJrfF1vMVngRzF5cEgFzdzU=",
        "owner": "riinr",
        "repo": "nim-flakes-lib",
        "rev": "028e7596fdb918b72a295d220d48417ab2f5dfd1",
        "type": "github"
      },
      "original": {
        "owner": "riinr",
        "ref": "master",
        "repo": "nim-flakes-lib",
        "type": "github"
      }
    },
    "nixpkgs": {
      "locked": {
        "narHash": "sha256-7sWpWRO0IsBP5jm9qCrpuzDkWC7UAghiCmZZ+1uqHKo=",
        "path": "/nix/store/q2jrkx5a3z6yxzbfai0kxpnqki80jm3l-source",
        "type": "path"
      },
      "original": {
        "id": "nixpkgs",
        "type": "indirect"
      }
    },
    "root": {
      "inputs": {
        "flakeNimbleLib": "flakeNimbleLib",
        "nixpkgs": "nixpkgs",
        "src-tnim-2_0_4": "src-tnim-2_0_4"
      }
    },
    "src-tnim-2_0_4": {
      "flake": false,
      "locked": {
        "lastModified": 1566605901,
        "narHash": "sha256-zFaZhoJEnWa2YK8UyuWkYCwvvF46aLOV/IpmhhVB0DA=",
        "owner": "jlp765",
        "repo": "tnim",
        "rev": "06492164a7b5d52da70fad8bfdb1caaada332a38",
        "type": "github"
      },
      "original": {
        "owner": "jlp765",
        "ref": "refs/tags/2.0.4",
        "repo": "tnim",
        "type": "github"
      }
    }
  },
  "root": "root",
  "version": 7
}
