{
  "version": 1,
  "packages": {
    "diff": {
      "version": "0.5.0",
      "vcsRevision": "e9118f906aa447f0c13c503989fdc0fb1176ea4a",
      "url": "https://github.com/mark-summerfield/diff",
      "downloadMethod": "git",
      "dependencies": [],
      "checksums": {
        "sha1": "18eba493a23bb26fbb9c12b5a4fff1d563ec543e"
      }
    }
  }
}