{
  "nodes": {
    "flakeNimbleLib": {
      "inputs": {
        "nixpkgs": [
          "nixpkgs"
        ]
      },
      "locked": {
        "lastModified": 1646957390,
        "narHash": "sha256-x4wf95NAEOZ9CNW6CCAusnb/Y8EhtwXXLemH2d4XTgs=",
        "owner": "riinr",
        "repo": "nim-flakes-lib",
        "rev": "81044cf7596cd5ff7058359cbf90be8957aaacc8",
        "type": "github"
      },
      "original": {
        "owner": "riinr",
        "ref": "master",
        "repo": "nim-flakes-lib",
        "type": "github"
      }
    },
    "nixpkgs": {
      "locked": {
        "narHash": "sha256-7sWpWRO0IsBP5jm9qCrpuzDkWC7UAghiCmZZ+1uqHKo=",
        "path": "/nix/store/q2jrkx5a3z6yxzbfai0kxpnqki80jm3l-source",
        "type": "path"
      },
      "original": {
        "id": "nixpkgs",
        "type": "indirect"
      }
    },
    "root": {
      "inputs": {
        "flakeNimbleLib": "flakeNimbleLib",
        "nixpkgs": "nixpkgs",
        "woocommerce-api-nim-master": "woocommerce-api-nim-master"
      }
    },
    "src-woocommerce-api-nim-master": {
      "flake": false,
      "locked": {
        "lastModified": 1580397510,
        "narHash": "sha256-S4c9z1pu6hcsHhX3Gl5XG7z99/fO70pGSZSdqKzka34=",
        "owner": "mrhdias",
        "repo": "woocommerce-api-nim",
        "rev": "e5fb8821e73a0b0f372b6f9a71da9bece69516e7",
        "type": "github"
      },
      "original": {
        "owner": "mrhdias",
        "ref": "refs/heads/master",
        "repo": "woocommerce-api-nim",
        "type": "github"
      }
    },
    "woocommerce-api-nim-master": {
      "inputs": {
        "flakeNimbleLib": [
          "flakeNimbleLib"
        ],
        "nixpkgs": [
          "nixpkgs"
        ],
        "src-woocommerce-api-nim-master": "src-woocommerce-api-nim-master"
      },
      "locked": {
        "dir": "nimpkgs/w/woocommerce-api-nim/master",
        "lastModified": 1646958001,
        "narHash": "sha256-iIe41SziodNsYHlAg0A24jfffEY15OMBR0MTkNKR5dY=",
        "owner": "riinr",
        "repo": "flake-nimble",
        "rev": "5969639854208f8cfc0a7481b002e9aff6e60c9f",
        "type": "github"
      },
      "original": {
        "dir": "nimpkgs/w/woocommerce-api-nim/master",
        "owner": "riinr",
        "ref": "flake-pinning",
        "repo": "flake-nimble",
        "type": "github"
      }
    }
  },
  "root": "root",
  "version": 7
}
