{
  "nodes": {
    "flakeNimbleLib": {
      "inputs": {
        "nixpkgs": [
          "nixpkgs"
        ]
      },
      "locked": {
        "lastModified": 1662018438,
        "narHash": "sha256-QtNtU6+LX3Wokxf0zlFwKTFOcn6TeDjKQZ+DA9OYtvM=",
        "owner": "riinr",
        "repo": "nim-flakes-lib",
        "rev": "b1fe8340736e3a85d25c709ac3dfd82a55c03cbf",
        "type": "github"
      },
      "original": {
        "owner": "riinr",
        "ref": "master",
        "repo": "nim-flakes-lib",
        "type": "github"
      }
    },
    "nixpkgs": {
      "locked": {
        "lastModified": 1667292599,
        "narHash": "sha256-7ISOUI1aj6UKMPIL+wwthENL22L3+A9V+jS8Is3QsRo=",
        "owner": "NixOS",
        "repo": "nixpkgs",
        "rev": "ef2f213d9659a274985778bff4ca322f3ef3ac68",
        "type": "github"
      },
      "original": {
        "id": "nixpkgs",
        "type": "indirect"
      }
    },
    "root": {
      "inputs": {
        "flakeNimbleLib": "flakeNimbleLib",
        "nixpkgs": "nixpkgs",
        "rss-master": "rss-master"
      }
    },
    "rss-master": {
      "inputs": {
        "flakeNimbleLib": [
          "flakeNimbleLib"
        ],
        "nixpkgs": [
          "nixpkgs"
        ],
        "src-rss-master": "src-rss-master"
      },
      "locked": {
        "dir": "master",
        "lastModified": 1667329909,
        "narHash": "sha256-wJfOsDEtNFHGX94hvcyIvb2nfecFbsdeSl6L61YxHU8=",
        "owner": "nim-nix-pkgs",
        "repo": "rss",
        "rev": "7f15f3d0828d4330dc4c36dabc45a5c386b7c592",
        "type": "github"
      },
      "original": {
        "dir": "master",
        "owner": "nim-nix-pkgs",
        "ref": "master",
        "repo": "rss",
        "type": "github"
      }
    },
    "src-rss-master": {
      "flake": false,
      "locked": {
        "lastModified": 1570335723,
        "narHash": "sha256-RYG33ecJ7ugmov+UVWuMxx6/x22g86iNzoa0OSoMYE4=",
        "owner": "achesak",
        "repo": "nim-rss",
        "rev": "c51da8c22dbc67889e4884c77d459cea92b17926",
        "type": "github"
      },
      "original": {
        "owner": "achesak",
        "ref": "refs/heads/master",
        "repo": "nim-rss",
        "type": "github"
      }
    }
  },
  "root": "root",
  "version": 7
}
